{
  "version": 4,
  "terraform_version": "1.3.6",
  "serial": 43,
  "lineage": "b40b729e-d2a3-c57f-ef08-a15145338410",
  "outputs": {
    "public_ip_address": {
      "value": "4.246.218.75",
      "type": "string"
    },
    "resource_group_name": {
      "value": "rg-allowing-dragon",
      "type": "string"
    },
    "tls_private_key": {
      "value": "-----BEGIN RSA PRIVATE KEY-----\nMIIJKQIBAAKCAgEAvebKbkrJw5r8M9yaOBB5wWC9kmrszq1CgB5xywOI/BWSdw2F\nkPZnMLXLx5d1oKauoNUIW6BYo6Bas2Ol2opew4vrEAJUqxNuoJ4+XKbP9yfAgM1r\n59fGkiouNRkVCOxaqqXeVWTUAPRdFGvx5MO5cYRaZy5lQIe0YeFAKbNzX0YXCYHS\nz34JQeJpxNj34ErlN72l2FVPBFSImNYh4yZs8LXMWKqQCkQOrSXhao+IdyE/HRwc\n74iX0RREvPhcie5JJ/lRkgqmLFSZ8pnwmwXG7y7NYE/+Xdm6RiTR67xw0AgSZRgU\nvpe+0nO+ByLUikdeqAaFGcf/n1Vcq+O5LJg9AuZcpXIG/hpdvRtrHhA/+D3DTSVt\ncKnkoZLMgOH+z21qk3+dAulAiIIUBSiBUwXefG/DtIR20buhqAKT8tSrt1v1NuMX\nXmPxqRVzDK7LrSrdTlT6ci24K2+oaSVCn1vAB9pFJk62dZW5aFKsr+20WvZya7i4\n2R8iGFF8HNjDXnEatXiCDoYdRmOuyLaAufXQ56lTe9JzdQsSSPChKlCDwjmBEBpm\nNLFJ5E0USmM//+qD0MePBbnG3DBP5jTrsQoYkdXnaVgRg3RD0P1IPxL2ESR1ayO5\neIsnPspwvlRlCbqOq4ESKXdmwdlBaipMoHsfLXE0xIKxWmMPn9MENpVTxJ8CAwEA\nAQKCAgEApTSAaw7ZFDhiq+OArsF2isrUYOpwdSS5s6fIqyq6I0PJFZVH22LhRrkB\nPPQAuvAG/5gVG1EVi9PW1DUedk7mPgwdROIiMmpHVagU7JmaVpPYnrUW6K0I7OOR\nK1RUvlyQS+Dc2UFMRkBQMZHu8Gttitnvo8/y+f6U6IoDPcQF3J6nL/gnI6er+gs0\npLF0g0Xkv2dXPiqJAWVhKEUxWeF16LrfuUs44BVxByTrQ772o1zjAToR2jjkilmt\nqxANwVjxf7sgQYLOKca33xwY+2Q9OptmxCETUyY1LQyfKwvWwMQk7JnUgjKVKZTT\nfnXInTuVl2uEo3cgZMboRglocOlIORv45DBqh852wqDJkS0ZjjX12QTEGVgWrapn\nqKP/u7WeNSjDYl8xyr+6SIPPU9y7ynMs0sY1GNa+ytHlCifunNu/oroHF6Dy4JO5\nv0EfDv/A1WvYnQl9OKT+q8D8LpTALKvNMay9aGVqrDKi2R7SwehdbOhz4TRhGoIY\nNLof+nlaLuLylayEqMYT6fqsdaYdKN8Vbh1TtcrC/ZrR5qYhvr1QCcxDbusYw7sK\nDJEGx8YCCONSb93Lrx5+dexkzLZk5fNuVGQk5bPr/xc8RCOm8s5CDwQtn/FyvLXo\nyjEDDTbBkOrwexL1cu6vjCxd3vU8Tsz4pA2vSjT7hl4C/X/s2pECggEBANwqej/z\ngc19KSY7Ir+ULDr4/guS8qsurowggp2o8d8ms1s/JL/5R+RAg5zL7Hj5IFkZk3h5\nyDCZ4HYjUqVtNwP/2RDs4k75lFvMWMajcgblIaY4qZppYGOPikEpqQusuYPDbu93\ndhnwM97quO0ws2OZHa7WyCfoetc6B1PFuQzxjaN3lQOzB9vea1g10BVV5bUMMNlT\nR54G0oZPVWUfbmiKHRzc+VIxS/aA0tS5MW6lt9PSl//lxjWoiAJIEByFUWG0YL6L\nSZuPlxdk1BfLoVHFFind641QN543HUP1XzUfzuhtkQn1cS49TaqlChq17znxUa2V\n9P8hqcF/pfGA3gsCggEBANzPTe8wH2CPNkTSyzbCgIi4sb8MlWDyEr1MGPCXyCQH\ndkBmi+97D0pHPg8JVyhveH0dUalJfYz4xoNFkLBy02HhIcDqa888MsLtI7K22tUo\n1U+MVosyjLbgrYl+/R2aXx9CxGAxcRIusUNHD+7CyE+CShsV8A+YmGOtt7gjnu/9\nQlGgVZMSZxKzC0ASdlfnvG/fUGu25+qsyoZysV3Vnksw+8onjrJjqo9b8aNvf83p\neK84QsyosduFaWkJzQrqWYQsiF5bTRHNQjCyXJF0ULXCcHtATLTDvNu4K16z1Yvl\nNHTuYtX9BXeA0PK8gWTORUuo/h1bKASh39zDAcKSFD0CggEAPJLXRacKbG3mF2Wn\nvsvWi3cb9jU83MogLd938EaeHUY5jH5H7yV3mR4C1+3nJrVsJ/d4cmoXIQAFGJvJ\nTkhJHamToCt8bDwQjF0hg61OXwVFh8UJLLmXUm0YnasHnnWsKMtpRys37BUBQHCV\n5nRCtsFWwFbJhOlaesK1Z1/79Mq0rGfnMLheDikYoZFUqboTVAeBnRljl9/KpjdH\niGXoa4ysS9ekJO/5NV3mI668IfQoKnhDZ51hNjwjB3WqMR6g8F+/Sk1qOAl+iWot\nTEqzHJs76NLsztlmI/qH672jrysMMziJ8hJ8TDuDldKIgCbUJb32OesLF/K8EMe8\n8UACVwKCAQEAjLWiQVEWPa8lcxgtHXk29WlVA50eOAgq/uxWXEMs7CDBL2rps7Nk\n2/2oQ2a9XuwiCQC9ADbvxfzma9LR0E9r+sy/eLMp/oarBmKdxA4YR4vc2vNgVxXg\na82jaKI+5DVydnZSs8Xt+xs8JNZNBeakRV6OoNILB7VDLwoNsE8qwl5Oe7vDrJQm\nkNj9y1e4iG4JO/U/x1RoV7jC2oiOFHDDjcDqQzmQCofOscpyoqaz9+DW4jnk/4xk\nwrIyqRfwzQrn/n1ubUqbQ0Pc8TFIIfzQTfNZQIGKIAs394BWSuQoqhxmoDklTJ4P\ndMbm4DhV8IotyHgpb0Weq80H3iN6pKX4NQKCAQBP09Duf6hDEejqWsPAkwqMoSuy\n+GJ9P6Rug2nR2yDRvV5wawTDgRUsTxb7DwDR/rOgMCiX5ZKpUo/NtdTKHorFQt7Z\nJ9JDPp18dN6qP6G0XqslRFsdrXhr6Fg1kjKUb7BpGFyuEGlDcy8IoG99l3mL5qN2\n3dQgC24ND0xygA7JqJ06al/ZaHsAkD8NbRNku7oMCJ8ypEjeMdFgdqhYgWeqgvRL\nKh2o19datS0iz/64H5U+c7pnX915HE4sWn3pU7cJRqbsHyXU+gimZItsUf8vDwqw\nZKrQClul6aVK1Jc9K7t9qjan26OLAlaRvRGwKE8FgtgLpu0GRMC8tjsZv/Ev\n-----END RSA PRIVATE KEY-----\n",
      "type": "string",
      "sensitive": true
    }
  },
  "resources": [
    {
      "mode": "managed",
      "type": "azurerm_linux_virtual_machine",
      "name": "my_terraform_vm",
      "provider": "provider[\"registry.terraform.io/hashicorp/azurerm\"]",
      "instances": [
        {
          "schema_version": 0,
          "attributes": {
            "additional_capabilities": [],
            "admin_password": null,
            "admin_ssh_key": [
              {
                "public_key": "ssh-rsa AAAAB3NzaC1yc2EAAAADAQABAAABAQDmdzjeANOp2KUFN1gk3Md9Cz21eeF4XncSbfDaIW1zkLYM3k+tyv5Zc9b9eRJ3S7kc/YgK03nRwk3BDYIO7+rYGDADeJMYX79o/GxG+V1/61goCrxQEkvq34K4CeLgmew8Q9KG9UD7vE3VmbGWVH61rxVGRa1e6orOzQoIcsKicN/itNjzYQxB7Mu25M2z83msbzV9k1MVPU6v2hs8oK91aDsEBFgTQYUh2DeyYvCa38PDm6Bv8tEGZ98D0/xO375L7nNxPvohuiZi5Llre8IbfltjJtVdRbZ96dvFAZEXJTWOfbS+b9EP+R25l1wfY3rdLwiqG1aCuoSUUtrLqRlp root@ansible-master\n",
                "username": "azureuser"
              }
            ],
            "admin_username": "azureuser",
            "allow_extension_operations": true,
            "availability_set_id": "",
            "boot_diagnostics": [
              {
                "storage_account_uri": "https://diag4529171ef1ab8111.blob.core.windows.net/"
              }
            ],
            "computer_name": "myvm",
            "custom_data": null,
            "dedicated_host_group_id": "",
            "dedicated_host_id": "",
            "disable_password_authentication": true,
            "encryption_at_host_enabled": false,
            "eviction_policy": "",
            "extensions_time_budget": "PT1H30M",
            "id": "/subscriptions/0b12bc4f-5cb1-43bb-8c74-099222bde2cd/resourceGroups/rg-allowing-dragon/providers/Microsoft.Compute/virtualMachines/myVM",
            "identity": [],
            "license_type": "",
            "location": "eastus",
            "max_bid_price": -1,
            "name": "myVM",
            "network_interface_ids": [
              "/subscriptions/0b12bc4f-5cb1-43bb-8c74-099222bde2cd/resourceGroups/rg-allowing-dragon/providers/Microsoft.Network/networkInterfaces/myNIC"
            ],
            "os_disk": [
              {
                "caching": "ReadWrite",
                "diff_disk_settings": [],
                "disk_encryption_set_id": "",
                "disk_size_gb": 30,
                "name": "myOsDisk",
                "storage_account_type": "Premium_LRS",
                "write_accelerator_enabled": false
              }
            ],
            "patch_mode": "ImageDefault",
            "plan": [],
            "platform_fault_domain": -1,
            "priority": "Regular",
            "private_ip_address": "10.0.1.4",
            "private_ip_addresses": [
              "10.0.1.4"
            ],
            "provision_vm_agent": true,
            "proximity_placement_group_id": "",
            "public_ip_address": "4.246.218.75",
            "public_ip_addresses": [
              "4.246.218.75"
            ],
            "resource_group_name": "rg-allowing-dragon",
            "secret": [],
            "secure_boot_enabled": false,
            "size": "Standard_DS1_v2",
            "source_image_id": "",
            "source_image_reference": [
              {
                "offer": "UbuntuServer",
                "publisher": "Canonical",
                "sku": "18.04-LTS",
                "version": "latest"
              }
            ],
            "tags": {
              "environment": "Terraform Demo"
            },
            "timeouts": null,
            "user_data": "",
            "virtual_machine_id": "cb4597ec-d4b2-4257-9428-410e092990b0",
            "virtual_machine_scale_set_id": "",
            "vtpm_enabled": false,
            "zone": ""
          },
          "sensitive_attributes": [],
          "private": "eyJlMmJmYjczMC1lY2FhLTExZTYtOGY4OC0zNDM2M2JjN2M0YzAiOnsiY3JlYXRlIjoyNzAwMDAwMDAwMDAwLCJkZWxldGUiOjI3MDAwMDAwMDAwMDAsInJlYWQiOjMwMDAwMDAwMDAwMCwidXBkYXRlIjoyNzAwMDAwMDAwMDAwfX0=",
          "dependencies": [
            "azurerm_network_interface.my_terraform_nic",
            "azurerm_resource_group.rg",
            "azurerm_storage_account.my_storage_account"
          ]
        }
      ]
    },
    {
      "mode": "managed",
      "type": "azurerm_network_interface",
      "name": "my_terraform_nic",
      "provider": "provider[\"registry.terraform.io/hashicorp/azurerm\"]",
      "instances": [
        {
          "schema_version": 0,
          "attributes": {
            "applied_dns_servers": [],
            "dns_servers": [],
            "enable_accelerated_networking": false,
            "enable_ip_forwarding": false,
            "id": "/subscriptions/0b12bc4f-5cb1-43bb-8c74-099222bde2cd/resourceGroups/rg-allowing-dragon/providers/Microsoft.Network/networkInterfaces/myNIC",
            "internal_dns_name_label": "",
            "internal_domain_name_suffix": "zqqqkxjzvhrutdtj4i0retqq0c.bx.internal.cloudapp.net",
            "ip_configuration": [
              {
                "gateway_load_balancer_frontend_ip_configuration_id": "",
                "name": "my_nic_configuration",
                "primary": true,
                "private_ip_address": "10.0.1.4",
                "private_ip_address_allocation": "Dynamic",
                "private_ip_address_version": "IPv4",
                "public_ip_address_id": "/subscriptions/0b12bc4f-5cb1-43bb-8c74-099222bde2cd/resourceGroups/rg-allowing-dragon/providers/Microsoft.Network/publicIPAddresses/myPublicIP",
                "subnet_id": "/subscriptions/0b12bc4f-5cb1-43bb-8c74-099222bde2cd/resourceGroups/rg-allowing-dragon/providers/Microsoft.Network/virtualNetworks/myVnet/subnets/mySubnet"
              }
            ],
            "location": "eastus",
            "mac_address": "00-0D-3A-99-E9-FA",
            "name": "myNIC",
            "private_ip_address": "10.0.1.4",
            "private_ip_addresses": [
              "10.0.1.4"
            ],
            "resource_group_name": "rg-allowing-dragon",
            "tags": {},
            "timeouts": null,
            "virtual_machine_id": "/subscriptions/0b12bc4f-5cb1-43bb-8c74-099222bde2cd/resourceGroups/rg-allowing-dragon/providers/Microsoft.Compute/virtualMachines/myVM"
          },
          "sensitive_attributes": [],
          "private": "eyJlMmJmYjczMC1lY2FhLTExZTYtOGY4OC0zNDM2M2JjN2M0YzAiOnsiY3JlYXRlIjoxODAwMDAwMDAwMDAwLCJkZWxldGUiOjE4MDAwMDAwMDAwMDAsInJlYWQiOjMwMDAwMDAwMDAwMCwidXBkYXRlIjoxODAwMDAwMDAwMDAwfX0=",
          "dependencies": [
            "azurerm_public_ip.my_terraform_public_ip",
            "azurerm_resource_group.rg",
            "azurerm_subnet.my_terraform_subnet",
            "azurerm_virtual_network.my_terraform_network",
            "random_pet.rg_name"
          ]
        }
      ]
    },
    {
      "mode": "managed",
      "type": "azurerm_network_interface_security_group_association",
      "name": "example",
      "provider": "provider[\"registry.terraform.io/hashicorp/azurerm\"]",
      "instances": [
        {
          "schema_version": 0,
          "attributes": {
            "id": "/subscriptions/0b12bc4f-5cb1-43bb-8c74-099222bde2cd/resourceGroups/rg-allowing-dragon/providers/Microsoft.Network/networkInterfaces/myNIC|/subscriptions/0b12bc4f-5cb1-43bb-8c74-099222bde2cd/resourceGroups/rg-allowing-dragon/providers/Microsoft.Network/networkSecurityGroups/myNetworkSecurityGroup",
            "network_interface_id": "/subscriptions/0b12bc4f-5cb1-43bb-8c74-099222bde2cd/resourceGroups/rg-allowing-dragon/providers/Microsoft.Network/networkInterfaces/myNIC",
            "network_security_group_id": "/subscriptions/0b12bc4f-5cb1-43bb-8c74-099222bde2cd/resourceGroups/rg-allowing-dragon/providers/Microsoft.Network/networkSecurityGroups/myNetworkSecurityGroup",
            "timeouts": null
          },
          "sensitive_attributes": [],
          "private": "eyJlMmJmYjczMC1lY2FhLTExZTYtOGY4OC0zNDM2M2JjN2M0YzAiOnsiY3JlYXRlIjoxODAwMDAwMDAwMDAwLCJkZWxldGUiOjE4MDAwMDAwMDAwMDAsInJlYWQiOjMwMDAwMDAwMDAwMCwidXBkYXRlIjoxODAwMDAwMDAwMDAwfX0=",
          "dependencies": [
            "azurerm_network_interface.my_terraform_nic",
            "azurerm_network_security_group.my_terraform_nsg",
            "azurerm_public_ip.my_terraform_public_ip",
            "azurerm_resource_group.rg",
            "azurerm_subnet.my_terraform_subnet",
            "azurerm_virtual_network.my_terraform_network",
            "random_pet.rg_name"
          ]
        }
      ]
    },
    {
      "mode": "managed",
      "type": "azurerm_network_security_group",
      "name": "my_terraform_nsg",
      "provider": "provider[\"registry.terraform.io/hashicorp/azurerm\"]",
      "instances": [
        {
          "schema_version": 0,
          "attributes": {
            "id": "/subscriptions/0b12bc4f-5cb1-43bb-8c74-099222bde2cd/resourceGroups/rg-allowing-dragon/providers/Microsoft.Network/networkSecurityGroups/myNetworkSecurityGroup",
            "location": "eastus",
            "name": "myNetworkSecurityGroup",
            "resource_group_name": "rg-allowing-dragon",
            "security_rule": [
              {
                "access": "Allow",
                "description": "",
                "destination_address_prefix": "*",
                "destination_address_prefixes": [],
                "destination_application_security_group_ids": [],
                "destination_port_range": "22",
                "destination_port_ranges": [],
                "direction": "Inbound",
                "name": "SSH",
                "priority": 1001,
                "protocol": "Tcp",
                "source_address_prefix": "*",
                "source_address_prefixes": [],
                "source_application_security_group_ids": [],
                "source_port_range": "*",
                "source_port_ranges": []
              }
            ],
            "tags": {},
            "timeouts": null
          },
          "sensitive_attributes": [],
          "private": "eyJlMmJmYjczMC1lY2FhLTExZTYtOGY4OC0zNDM2M2JjN2M0YzAiOnsiY3JlYXRlIjoxODAwMDAwMDAwMDAwLCJkZWxldGUiOjE4MDAwMDAwMDAwMDAsInJlYWQiOjMwMDAwMDAwMDAwMCwidXBkYXRlIjoxODAwMDAwMDAwMDAwfX0=",
          "dependencies": [
            "azurerm_resource_group.rg",
            "random_pet.rg_name"
          ]
        }
      ]
    },
    {
      "mode": "managed",
      "type": "azurerm_public_ip",
      "name": "my_terraform_public_ip",
      "provider": "provider[\"registry.terraform.io/hashicorp/azurerm\"]",
      "instances": [
        {
          "schema_version": 0,
          "attributes": {
            "allocation_method": "Dynamic",
            "availability_zone": "No-Zone",
            "domain_name_label": null,
            "fqdn": null,
            "id": "/subscriptions/0b12bc4f-5cb1-43bb-8c74-099222bde2cd/resourceGroups/rg-allowing-dragon/providers/Microsoft.Network/publicIPAddresses/myPublicIP",
            "idle_timeout_in_minutes": 4,
            "ip_address": "20.172.165.229",
            "ip_tags": {},
            "ip_version": "IPv4",
            "location": "eastus",
            "name": "myPublicIP",
            "public_ip_prefix_id": null,
            "resource_group_name": "rg-allowing-dragon",
            "reverse_fqdn": null,
            "sku": "Basic",
            "sku_tier": "Regional",
            "tags": {},
            "timeouts": null,
            "zones": []
          },
          "sensitive_attributes": [],
          "private": "eyJlMmJmYjczMC1lY2FhLTExZTYtOGY4OC0zNDM2M2JjN2M0YzAiOnsiY3JlYXRlIjoxODAwMDAwMDAwMDAwLCJkZWxldGUiOjE4MDAwMDAwMDAwMDAsInJlYWQiOjMwMDAwMDAwMDAwMCwidXBkYXRlIjoxODAwMDAwMDAwMDAwfX0=",
          "dependencies": [
            "azurerm_resource_group.rg",
            "random_pet.rg_name"
          ]
        }
      ]
    },
    {
      "mode": "managed",
      "type": "azurerm_resource_group",
      "name": "rg",
      "provider": "provider[\"registry.terraform.io/hashicorp/azurerm\"]",
      "instances": [
        {
          "schema_version": 0,
          "attributes": {
            "id": "/subscriptions/0b12bc4f-5cb1-43bb-8c74-099222bde2cd/resourceGroups/rg-allowing-dragon",
            "location": "eastus",
            "name": "rg-allowing-dragon",
            "tags": {},
            "timeouts": null
          },
          "sensitive_attributes": [],
          "private": "eyJlMmJmYjczMC1lY2FhLTExZTYtOGY4OC0zNDM2M2JjN2M0YzAiOnsiY3JlYXRlIjo1NDAwMDAwMDAwMDAwLCJkZWxldGUiOjU0MDAwMDAwMDAwMDAsInJlYWQiOjMwMDAwMDAwMDAwMCwidXBkYXRlIjo1NDAwMDAwMDAwMDAwfX0=",
          "dependencies": [
            "random_pet.rg_name"
          ]
        }
      ]
    },
    {
      "mode": "managed",
      "type": "azurerm_storage_account",
      "name": "my_storage_account",
      "provider": "provider[\"registry.terraform.io/hashicorp/azurerm\"]",
      "instances": [
        {
          "schema_version": 2,
          "attributes": {
            "access_tier": "Hot",
            "account_kind": "StorageV2",
            "account_replication_type": "LRS",
            "account_tier": "Standard",
            "allow_blob_public_access": false,
            "azure_files_authentication": [],
            "blob_properties": [
              {
                "change_feed_enabled": false,
                "container_delete_retention_policy": [],
                "cors_rule": [],
                "default_service_version": "",
                "delete_retention_policy": [],
                "last_access_time_enabled": false,
                "versioning_enabled": false
              }
            ],
            "custom_domain": [],
            "customer_managed_key": [],
            "enable_https_traffic_only": true,
            "id": "/subscriptions/0b12bc4f-5cb1-43bb-8c74-099222bde2cd/resourceGroups/rg-allowing-dragon/providers/Microsoft.Storage/storageAccounts/diag4529171ef1ab8111",
            "identity": [],
            "infrastructure_encryption_enabled": false,
            "is_hns_enabled": false,
            "large_file_share_enabled": null,
            "location": "eastus",
            "min_tls_version": "TLS1_0",
            "name": "diag4529171ef1ab8111",
            "network_rules": [
              {
                "bypass": [
                  "AzureServices"
                ],
                "default_action": "Allow",
                "ip_rules": [],
                "private_link_access": [],
                "virtual_network_subnet_ids": []
              }
            ],
            "nfsv3_enabled": false,
            "primary_access_key": "wu8DSfL4H8GEMhzFLEI/gy9X4wzDHpdrWNwuCsxNo3yDtVkwlNrxK82CVlkdu9evoQmHTImwX+G6+AStUIyB1A==",
            "primary_blob_connection_string": "DefaultEndpointsProtocol=https;BlobEndpoint=https://diag4529171ef1ab8111.blob.core.windows.net/;AccountName=diag4529171ef1ab8111;AccountKey=wu8DSfL4H8GEMhzFLEI/gy9X4wzDHpdrWNwuCsxNo3yDtVkwlNrxK82CVlkdu9evoQmHTImwX+G6+AStUIyB1A==",
            "primary_blob_endpoint": "https://diag4529171ef1ab8111.blob.core.windows.net/",
            "primary_blob_host": "diag4529171ef1ab8111.blob.core.windows.net",
            "primary_connection_string": "DefaultEndpointsProtocol=https;AccountName=diag4529171ef1ab8111;AccountKey=wu8DSfL4H8GEMhzFLEI/gy9X4wzDHpdrWNwuCsxNo3yDtVkwlNrxK82CVlkdu9evoQmHTImwX+G6+AStUIyB1A==;EndpointSuffix=core.windows.net",
            "primary_dfs_endpoint": "https://diag4529171ef1ab8111.dfs.core.windows.net/",
            "primary_dfs_host": "diag4529171ef1ab8111.dfs.core.windows.net",
            "primary_file_endpoint": "https://diag4529171ef1ab8111.file.core.windows.net/",
            "primary_file_host": "diag4529171ef1ab8111.file.core.windows.net",
            "primary_location": "eastus",
            "primary_queue_endpoint": "https://diag4529171ef1ab8111.queue.core.windows.net/",
            "primary_queue_host": "diag4529171ef1ab8111.queue.core.windows.net",
            "primary_table_endpoint": "https://diag4529171ef1ab8111.table.core.windows.net/",
            "primary_table_host": "diag4529171ef1ab8111.table.core.windows.net",
            "primary_web_endpoint": "https://diag4529171ef1ab8111.z13.web.core.windows.net/",
            "primary_web_host": "diag4529171ef1ab8111.z13.web.core.windows.net",
            "queue_encryption_key_type": "Service",
            "queue_properties": [
              {
                "cors_rule": [],
                "hour_metrics": [
                  {
                    "enabled": true,
                    "include_apis": true,
                    "retention_policy_days": 7,
                    "version": "1.0"
                  }
                ],
                "logging": [
                  {
                    "delete": false,
                    "read": false,
                    "retention_policy_days": 0,
                    "version": "1.0",
                    "write": false
                  }
                ],
                "minute_metrics": [
                  {
                    "enabled": false,
                    "include_apis": false,
                    "retention_policy_days": 0,
                    "version": "1.0"
                  }
                ]
              }
            ],
            "resource_group_name": "rg-allowing-dragon",
            "routing": [],
            "secondary_access_key": "AuIw8zYQQv8Puj1BUyG6Ee8/TK8hc+/5SHPQ6Z1dW/MPuVT800vYs4L9Sjnx0+e/njBfIFEQHsGg+ASt6CLEzg==",
            "secondary_blob_connection_string": "",
            "secondary_blob_endpoint": null,
            "secondary_blob_host": null,
            "secondary_connection_string": "DefaultEndpointsProtocol=https;AccountName=diag4529171ef1ab8111;AccountKey=AuIw8zYQQv8Puj1BUyG6Ee8/TK8hc+/5SHPQ6Z1dW/MPuVT800vYs4L9Sjnx0+e/njBfIFEQHsGg+ASt6CLEzg==;EndpointSuffix=core.windows.net",
            "secondary_dfs_endpoint": null,
            "secondary_dfs_host": null,
            "secondary_file_endpoint": null,
            "secondary_file_host": null,
            "secondary_location": "",
            "secondary_queue_endpoint": null,
            "secondary_queue_host": null,
            "secondary_table_endpoint": null,
            "secondary_table_host": null,
            "secondary_web_endpoint": null,
            "secondary_web_host": null,
            "share_properties": [
              {
                "cors_rule": [],
                "retention_policy": [
                  {
                    "days": 7
                  }
                ],
                "smb": []
              }
            ],
            "shared_access_key_enabled": true,
            "static_website": [],
            "table_encryption_key_type": "Service",
            "tags": {},
            "timeouts": null
          },
          "sensitive_attributes": [],
          "private": "eyJlMmJmYjczMC1lY2FhLTExZTYtOGY4OC0zNDM2M2JjN2M0YzAiOnsiY3JlYXRlIjozNjAwMDAwMDAwMDAwLCJkZWxldGUiOjM2MDAwMDAwMDAwMDAsInJlYWQiOjMwMDAwMDAwMDAwMCwidXBkYXRlIjozNjAwMDAwMDAwMDAwfSwic2NoZW1hX3ZlcnNpb24iOiIyIn0=",
          "dependencies": [
            "azurerm_resource_group.rg",
            "random_id.random_id",
            "random_pet.rg_name"
          ]
        }
      ]
    },
    {
      "mode": "managed",
      "type": "azurerm_subnet",
      "name": "my_terraform_subnet",
      "provider": "provider[\"registry.terraform.io/hashicorp/azurerm\"]",
      "instances": [
        {
          "schema_version": 0,
          "attributes": {
            "address_prefix": "10.0.1.0/24",
            "address_prefixes": [
              "10.0.1.0/24"
            ],
            "delegation": [],
            "enforce_private_link_endpoint_network_policies": false,
            "enforce_private_link_service_network_policies": false,
            "id": "/subscriptions/0b12bc4f-5cb1-43bb-8c74-099222bde2cd/resourceGroups/rg-allowing-dragon/providers/Microsoft.Network/virtualNetworks/myVnet/subnets/mySubnet",
            "name": "mySubnet",
            "resource_group_name": "rg-allowing-dragon",
            "service_endpoint_policy_ids": [],
            "service_endpoints": [],
            "timeouts": null,
            "virtual_network_name": "myVnet"
          },
          "sensitive_attributes": [],
          "private": "eyJlMmJmYjczMC1lY2FhLTExZTYtOGY4OC0zNDM2M2JjN2M0YzAiOnsiY3JlYXRlIjoxODAwMDAwMDAwMDAwLCJkZWxldGUiOjE4MDAwMDAwMDAwMDAsInJlYWQiOjMwMDAwMDAwMDAwMCwidXBkYXRlIjoxODAwMDAwMDAwMDAwfX0=",
          "dependencies": [
            "azurerm_resource_group.rg",
            "azurerm_virtual_network.my_terraform_network",
            "random_pet.rg_name"
          ]
        }
      ]
    },
    {
      "mode": "managed",
      "type": "azurerm_virtual_network",
      "name": "my_terraform_network",
      "provider": "provider[\"registry.terraform.io/hashicorp/azurerm\"]",
      "instances": [
        {
          "schema_version": 0,
          "attributes": {
            "address_space": [
              "10.0.0.0/16"
            ],
            "bgp_community": "",
            "ddos_protection_plan": [],
            "dns_servers": [],
            "flow_timeout_in_minutes": 0,
            "guid": "5d0521cc-a939-49e3-8e69-f235124e10d2",
            "id": "/subscriptions/0b12bc4f-5cb1-43bb-8c74-099222bde2cd/resourceGroups/rg-allowing-dragon/providers/Microsoft.Network/virtualNetworks/myVnet",
            "location": "eastus",
            "name": "myVnet",
            "resource_group_name": "rg-allowing-dragon",
            "subnet": [
              {
                "address_prefix": "10.0.1.0/24",
                "id": "/subscriptions/0b12bc4f-5cb1-43bb-8c74-099222bde2cd/resourceGroups/rg-allowing-dragon/providers/Microsoft.Network/virtualNetworks/myVnet/subnets/mySubnet",
                "name": "mySubnet",
                "security_group": ""
              }
            ],
            "tags": {},
            "timeouts": null,
            "vm_protection_enabled": false
          },
          "sensitive_attributes": [],
          "private": "eyJlMmJmYjczMC1lY2FhLTExZTYtOGY4OC0zNDM2M2JjN2M0YzAiOnsiY3JlYXRlIjoxODAwMDAwMDAwMDAwLCJkZWxldGUiOjE4MDAwMDAwMDAwMDAsInJlYWQiOjMwMDAwMDAwMDAwMCwidXBkYXRlIjoxODAwMDAwMDAwMDAwfX0=",
          "dependencies": [
            "azurerm_resource_group.rg",
            "random_pet.rg_name"
          ]
        }
      ]
    },
    {
      "mode": "managed",
      "type": "random_id",
      "name": "random_id",
      "provider": "provider[\"registry.terraform.io/hashicorp/random\"]",
      "instances": [
        {
          "schema_version": 0,
          "attributes": {
            "b64_std": "RSkXHvGrgRE=",
            "b64_url": "RSkXHvGrgRE",
            "byte_length": 8,
            "dec": "4983539884333170961",
            "hex": "4529171ef1ab8111",
            "id": "RSkXHvGrgRE",
            "keepers": {
              "resource_group": "rg-allowing-dragon"
            },
            "prefix": null
          },
          "sensitive_attributes": [],
          "dependencies": [
            "azurerm_resource_group.rg",
            "random_pet.rg_name"
          ]
        }
      ]
    },
    {
      "mode": "managed",
      "type": "random_pet",
      "name": "rg_name",
      "provider": "provider[\"registry.terraform.io/hashicorp/random\"]",
      "instances": [
        {
          "schema_version": 0,
          "attributes": {
            "id": "rg-allowing-dragon",
            "keepers": null,
            "length": 2,
            "prefix": "rg",
            "separator": "-"
          },
          "sensitive_attributes": []
        }
      ]
    },
    {
      "mode": "managed",
      "type": "tls_private_key",
      "name": "example_ssh",
      "provider": "provider[\"registry.terraform.io/hashicorp/tls\"]",
      "instances": [
        {
          "schema_version": 1,
          "attributes": {
            "algorithm": "RSA",
            "ecdsa_curve": "P224",
            "id": "f72a20e1768a6c151b276030f29a5f7c0fc59436",
            "private_key_openssh": "-----BEGIN OPENSSH PRIVATE KEY-----\nb3BlbnNzaC1rZXktdjEAAAAABG5vbmUAAAAEbm9uZQAAAAAAAAABAAACFwAAAAdz\nc2gtcnNhAAAAAwEAAQAAAgEAvebKbkrJw5r8M9yaOBB5wWC9kmrszq1CgB5xywOI\n/BWSdw2FkPZnMLXLx5d1oKauoNUIW6BYo6Bas2Ol2opew4vrEAJUqxNuoJ4+XKbP\n9yfAgM1r59fGkiouNRkVCOxaqqXeVWTUAPRdFGvx5MO5cYRaZy5lQIe0YeFAKbNz\nX0YXCYHSz34JQeJpxNj34ErlN72l2FVPBFSImNYh4yZs8LXMWKqQCkQOrSXhao+I\ndyE/HRwc74iX0RREvPhcie5JJ/lRkgqmLFSZ8pnwmwXG7y7NYE/+Xdm6RiTR67xw\n0AgSZRgUvpe+0nO+ByLUikdeqAaFGcf/n1Vcq+O5LJg9AuZcpXIG/hpdvRtrHhA/\n+D3DTSVtcKnkoZLMgOH+z21qk3+dAulAiIIUBSiBUwXefG/DtIR20buhqAKT8tSr\nt1v1NuMXXmPxqRVzDK7LrSrdTlT6ci24K2+oaSVCn1vAB9pFJk62dZW5aFKsr+20\nWvZya7i42R8iGFF8HNjDXnEatXiCDoYdRmOuyLaAufXQ56lTe9JzdQsSSPChKlCD\nwjmBEBpmNLFJ5E0USmM//+qD0MePBbnG3DBP5jTrsQoYkdXnaVgRg3RD0P1IPxL2\nESR1ayO5eIsnPspwvlRlCbqOq4ESKXdmwdlBaipMoHsfLXE0xIKxWmMPn9MENpVT\nxJ8AAAc4m2kZ95tpGfcAAAAHc3NoLXJzYQAAAgEAvebKbkrJw5r8M9yaOBB5wWC9\nkmrszq1CgB5xywOI/BWSdw2FkPZnMLXLx5d1oKauoNUIW6BYo6Bas2Ol2opew4vr\nEAJUqxNuoJ4+XKbP9yfAgM1r59fGkiouNRkVCOxaqqXeVWTUAPRdFGvx5MO5cYRa\nZy5lQIe0YeFAKbNzX0YXCYHSz34JQeJpxNj34ErlN72l2FVPBFSImNYh4yZs8LXM\nWKqQCkQOrSXhao+IdyE/HRwc74iX0RREvPhcie5JJ/lRkgqmLFSZ8pnwmwXG7y7N\nYE/+Xdm6RiTR67xw0AgSZRgUvpe+0nO+ByLUikdeqAaFGcf/n1Vcq+O5LJg9AuZc\npXIG/hpdvRtrHhA/+D3DTSVtcKnkoZLMgOH+z21qk3+dAulAiIIUBSiBUwXefG/D\ntIR20buhqAKT8tSrt1v1NuMXXmPxqRVzDK7LrSrdTlT6ci24K2+oaSVCn1vAB9pF\nJk62dZW5aFKsr+20WvZya7i42R8iGFF8HNjDXnEatXiCDoYdRmOuyLaAufXQ56lT\ne9JzdQsSSPChKlCDwjmBEBpmNLFJ5E0USmM//+qD0MePBbnG3DBP5jTrsQoYkdXn\naVgRg3RD0P1IPxL2ESR1ayO5eIsnPspwvlRlCbqOq4ESKXdmwdlBaipMoHsfLXE0\nxIKxWmMPn9MENpVTxJ8AAAADAQABAAACAQClNIBrDtkUOGKr44CuwXaKytRg6nB1\nJLmzp8irKrojQ8kVlUfbYuFGuQE89AC68Ab/mBUbURWL09bUNR52TuY+DB1E4iIy\nakdVqBTsmZpWk9ietRborQjs45ErVFS+XJBL4NzZQUxGQFAxke7wa22K2e+jz/L5\n/pToigM9xAXcnqcv+Ccjp6v6CzSksXSDReS/Z1c+KokBZWEoRTFZ4XXout+5Szjg\nFXEHJOtDvvajXOMBOhHaOOSKWa2rEA3BWPF/uyBBgs4pxrffHBj7ZD06m2bEIRNT\nJjUtDJ8rC9bAxCTsmdSCMpUplNN+dcidO5WXa4SjdyBkxuhGCWhw6Ug5G/jkMGqH\nznbCoMmRLRmONfXZBMQZWBatqmeoo/+7tZ41KMNiXzHKv7pIg89T3LvKcyzSxjUY\n1r7K0eUKJ+6c27+iugcXoPLgk7m/QR8O/8DVa9idCX04pP6rwPwulMAsq80xrL1o\nZWqsMqLZHtLB6F1s6HPhNGEaghg0uh/6eVou4vKVrISoxhPp+qx1ph0o3xVuHVO1\nysL9mtHmpiG+vVAJzENu6xjDuwoMkQbHxgII41Jv3cuvHn517GTMtmTl825UZCTl\ns+v/FzxEI6byzkIPBC2f8XK8tejKMQMNNsGQ6vB7EvVy7q+MLF3e9TxOzPikDa9K\nNPuGXgL9f+zakQAAAQBP09Duf6hDEejqWsPAkwqMoSuy+GJ9P6Rug2nR2yDRvV5w\nawTDgRUsTxb7DwDR/rOgMCiX5ZKpUo/NtdTKHorFQt7ZJ9JDPp18dN6qP6G0Xqsl\nRFsdrXhr6Fg1kjKUb7BpGFyuEGlDcy8IoG99l3mL5qN23dQgC24ND0xygA7JqJ06\nal/ZaHsAkD8NbRNku7oMCJ8ypEjeMdFgdqhYgWeqgvRLKh2o19datS0iz/64H5U+\nc7pnX915HE4sWn3pU7cJRqbsHyXU+gimZItsUf8vDwqwZKrQClul6aVK1Jc9K7t9\nqjan26OLAlaRvRGwKE8FgtgLpu0GRMC8tjsZv/EvAAABAQDcKno/84HNfSkmOyK/\nlCw6+P4LkvKrLq6MIIKdqPHfJrNbPyS/+UfkQIOcy+x4+SBZGZN4ecgwmeB2I1Kl\nbTcD/9kQ7OJO+ZRbzFjGo3IG5SGmOKmaaWBjj4pBKakLrLmDw27vd3YZ8DPe6rjt\nMLNjmR2u1sgn6HrXOgdTxbkM8Y2jd5UDswfb3mtYNdAVVeW1DDDZU0eeBtKGT1Vl\nH25oih0c3PlSMUv2gNLUuTFupbfT0pf/5cY1qIgCSBAchVFhtGC+i0mbj5cXZNQX\ny6FRxRYp3euNUDeeNx1D9V81H87obZEJ9XEuPU2qpQoate858VGtlfT/IanBf6Xx\ngN4LAAABAQDcz03vMB9gjzZE0ss2woCIuLG/DJVg8hK9TBjwl8gkB3ZAZovvew9K\nRz4PCVcob3h9HVGpSX2M+MaDRZCwctNh4SHA6mvPPDLC7SOyttrVKNVPjFaLMoy2\n4K2Jfv0dml8fQsRgMXESLrFDRw/uwshPgkobFfAPmJhjrbe4I57v/UJRoFWTEmcS\nswtAEnZX57xv31BrtufqrMqGcrFd1Z5LMPvKJ46yY6qPW/Gjb3/N6XivOELMqLHb\nhWlpCc0K6lmELIheW00RzUIwslyRdFC1wnB7QEy0w7zbuCtes9WL5TR07mLV/QV3\ngNDyvIFkzkVLqP4dWygEod/cwwHCkhQ9AAAAAAEC\n-----END OPENSSH PRIVATE KEY-----\n",
            "private_key_pem": "-----BEGIN RSA PRIVATE KEY-----\nMIIJKQIBAAKCAgEAvebKbkrJw5r8M9yaOBB5wWC9kmrszq1CgB5xywOI/BWSdw2F\nkPZnMLXLx5d1oKauoNUIW6BYo6Bas2Ol2opew4vrEAJUqxNuoJ4+XKbP9yfAgM1r\n59fGkiouNRkVCOxaqqXeVWTUAPRdFGvx5MO5cYRaZy5lQIe0YeFAKbNzX0YXCYHS\nz34JQeJpxNj34ErlN72l2FVPBFSImNYh4yZs8LXMWKqQCkQOrSXhao+IdyE/HRwc\n74iX0RREvPhcie5JJ/lRkgqmLFSZ8pnwmwXG7y7NYE/+Xdm6RiTR67xw0AgSZRgU\nvpe+0nO+ByLUikdeqAaFGcf/n1Vcq+O5LJg9AuZcpXIG/hpdvRtrHhA/+D3DTSVt\ncKnkoZLMgOH+z21qk3+dAulAiIIUBSiBUwXefG/DtIR20buhqAKT8tSrt1v1NuMX\nXmPxqRVzDK7LrSrdTlT6ci24K2+oaSVCn1vAB9pFJk62dZW5aFKsr+20WvZya7i4\n2R8iGFF8HNjDXnEatXiCDoYdRmOuyLaAufXQ56lTe9JzdQsSSPChKlCDwjmBEBpm\nNLFJ5E0USmM//+qD0MePBbnG3DBP5jTrsQoYkdXnaVgRg3RD0P1IPxL2ESR1ayO5\neIsnPspwvlRlCbqOq4ESKXdmwdlBaipMoHsfLXE0xIKxWmMPn9MENpVTxJ8CAwEA\nAQKCAgEApTSAaw7ZFDhiq+OArsF2isrUYOpwdSS5s6fIqyq6I0PJFZVH22LhRrkB\nPPQAuvAG/5gVG1EVi9PW1DUedk7mPgwdROIiMmpHVagU7JmaVpPYnrUW6K0I7OOR\nK1RUvlyQS+Dc2UFMRkBQMZHu8Gttitnvo8/y+f6U6IoDPcQF3J6nL/gnI6er+gs0\npLF0g0Xkv2dXPiqJAWVhKEUxWeF16LrfuUs44BVxByTrQ772o1zjAToR2jjkilmt\nqxANwVjxf7sgQYLOKca33xwY+2Q9OptmxCETUyY1LQyfKwvWwMQk7JnUgjKVKZTT\nfnXInTuVl2uEo3cgZMboRglocOlIORv45DBqh852wqDJkS0ZjjX12QTEGVgWrapn\nqKP/u7WeNSjDYl8xyr+6SIPPU9y7ynMs0sY1GNa+ytHlCifunNu/oroHF6Dy4JO5\nv0EfDv/A1WvYnQl9OKT+q8D8LpTALKvNMay9aGVqrDKi2R7SwehdbOhz4TRhGoIY\nNLof+nlaLuLylayEqMYT6fqsdaYdKN8Vbh1TtcrC/ZrR5qYhvr1QCcxDbusYw7sK\nDJEGx8YCCONSb93Lrx5+dexkzLZk5fNuVGQk5bPr/xc8RCOm8s5CDwQtn/FyvLXo\nyjEDDTbBkOrwexL1cu6vjCxd3vU8Tsz4pA2vSjT7hl4C/X/s2pECggEBANwqej/z\ngc19KSY7Ir+ULDr4/guS8qsurowggp2o8d8ms1s/JL/5R+RAg5zL7Hj5IFkZk3h5\nyDCZ4HYjUqVtNwP/2RDs4k75lFvMWMajcgblIaY4qZppYGOPikEpqQusuYPDbu93\ndhnwM97quO0ws2OZHa7WyCfoetc6B1PFuQzxjaN3lQOzB9vea1g10BVV5bUMMNlT\nR54G0oZPVWUfbmiKHRzc+VIxS/aA0tS5MW6lt9PSl//lxjWoiAJIEByFUWG0YL6L\nSZuPlxdk1BfLoVHFFind641QN543HUP1XzUfzuhtkQn1cS49TaqlChq17znxUa2V\n9P8hqcF/pfGA3gsCggEBANzPTe8wH2CPNkTSyzbCgIi4sb8MlWDyEr1MGPCXyCQH\ndkBmi+97D0pHPg8JVyhveH0dUalJfYz4xoNFkLBy02HhIcDqa888MsLtI7K22tUo\n1U+MVosyjLbgrYl+/R2aXx9CxGAxcRIusUNHD+7CyE+CShsV8A+YmGOtt7gjnu/9\nQlGgVZMSZxKzC0ASdlfnvG/fUGu25+qsyoZysV3Vnksw+8onjrJjqo9b8aNvf83p\neK84QsyosduFaWkJzQrqWYQsiF5bTRHNQjCyXJF0ULXCcHtATLTDvNu4K16z1Yvl\nNHTuYtX9BXeA0PK8gWTORUuo/h1bKASh39zDAcKSFD0CggEAPJLXRacKbG3mF2Wn\nvsvWi3cb9jU83MogLd938EaeHUY5jH5H7yV3mR4C1+3nJrVsJ/d4cmoXIQAFGJvJ\nTkhJHamToCt8bDwQjF0hg61OXwVFh8UJLLmXUm0YnasHnnWsKMtpRys37BUBQHCV\n5nRCtsFWwFbJhOlaesK1Z1/79Mq0rGfnMLheDikYoZFUqboTVAeBnRljl9/KpjdH\niGXoa4ysS9ekJO/5NV3mI668IfQoKnhDZ51hNjwjB3WqMR6g8F+/Sk1qOAl+iWot\nTEqzHJs76NLsztlmI/qH672jrysMMziJ8hJ8TDuDldKIgCbUJb32OesLF/K8EMe8\n8UACVwKCAQEAjLWiQVEWPa8lcxgtHXk29WlVA50eOAgq/uxWXEMs7CDBL2rps7Nk\n2/2oQ2a9XuwiCQC9ADbvxfzma9LR0E9r+sy/eLMp/oarBmKdxA4YR4vc2vNgVxXg\na82jaKI+5DVydnZSs8Xt+xs8JNZNBeakRV6OoNILB7VDLwoNsE8qwl5Oe7vDrJQm\nkNj9y1e4iG4JO/U/x1RoV7jC2oiOFHDDjcDqQzmQCofOscpyoqaz9+DW4jnk/4xk\nwrIyqRfwzQrn/n1ubUqbQ0Pc8TFIIfzQTfNZQIGKIAs394BWSuQoqhxmoDklTJ4P\ndMbm4DhV8IotyHgpb0Weq80H3iN6pKX4NQKCAQBP09Duf6hDEejqWsPAkwqMoSuy\n+GJ9P6Rug2nR2yDRvV5wawTDgRUsTxb7DwDR/rOgMCiX5ZKpUo/NtdTKHorFQt7Z\nJ9JDPp18dN6qP6G0XqslRFsdrXhr6Fg1kjKUb7BpGFyuEGlDcy8IoG99l3mL5qN2\n3dQgC24ND0xygA7JqJ06al/ZaHsAkD8NbRNku7oMCJ8ypEjeMdFgdqhYgWeqgvRL\nKh2o19datS0iz/64H5U+c7pnX915HE4sWn3pU7cJRqbsHyXU+gimZItsUf8vDwqw\nZKrQClul6aVK1Jc9K7t9qjan26OLAlaRvRGwKE8FgtgLpu0GRMC8tjsZv/Ev\n-----END RSA PRIVATE KEY-----\n",
            "private_key_pem_pkcs8": "-----BEGIN PRIVATE KEY-----\nMIIJQwIBADANBgkqhkiG9w0BAQEFAASCCS0wggkpAgEAAoICAQC95spuSsnDmvwz\n3Jo4EHnBYL2SauzOrUKAHnHLA4j8FZJ3DYWQ9mcwtcvHl3Wgpq6g1QhboFijoFqz\nY6Xail7Di+sQAlSrE26gnj5cps/3J8CAzWvn18aSKi41GRUI7Fqqpd5VZNQA9F0U\na/Hkw7lxhFpnLmVAh7Rh4UAps3NfRhcJgdLPfglB4mnE2PfgSuU3vaXYVU8EVIiY\n1iHjJmzwtcxYqpAKRA6tJeFqj4h3IT8dHBzviJfRFES8+FyJ7kkn+VGSCqYsVJny\nmfCbBcbvLs1gT/5d2bpGJNHrvHDQCBJlGBS+l77Sc74HItSKR16oBoUZx/+fVVyr\n47ksmD0C5lylcgb+Gl29G2seED/4PcNNJW1wqeShksyA4f7PbWqTf50C6UCIghQF\nKIFTBd58b8O0hHbRu6GoApPy1Ku3W/U24xdeY/GpFXMMrsutKt1OVPpyLbgrb6hp\nJUKfW8AH2kUmTrZ1lbloUqyv7bRa9nJruLjZHyIYUXwc2MNecRq1eIIOhh1GY67I\ntoC59dDnqVN70nN1CxJI8KEqUIPCOYEQGmY0sUnkTRRKYz//6oPQx48FucbcME/m\nNOuxChiR1edpWBGDdEPQ/Ug/EvYRJHVrI7l4iyc+ynC+VGUJuo6rgRIpd2bB2UFq\nKkygex8tcTTEgrFaYw+f0wQ2lVPEnwIDAQABAoICAQClNIBrDtkUOGKr44CuwXaK\nytRg6nB1JLmzp8irKrojQ8kVlUfbYuFGuQE89AC68Ab/mBUbURWL09bUNR52TuY+\nDB1E4iIyakdVqBTsmZpWk9ietRborQjs45ErVFS+XJBL4NzZQUxGQFAxke7wa22K\n2e+jz/L5/pToigM9xAXcnqcv+Ccjp6v6CzSksXSDReS/Z1c+KokBZWEoRTFZ4XXo\nut+5SzjgFXEHJOtDvvajXOMBOhHaOOSKWa2rEA3BWPF/uyBBgs4pxrffHBj7ZD06\nm2bEIRNTJjUtDJ8rC9bAxCTsmdSCMpUplNN+dcidO5WXa4SjdyBkxuhGCWhw6Ug5\nG/jkMGqHznbCoMmRLRmONfXZBMQZWBatqmeoo/+7tZ41KMNiXzHKv7pIg89T3LvK\ncyzSxjUY1r7K0eUKJ+6c27+iugcXoPLgk7m/QR8O/8DVa9idCX04pP6rwPwulMAs\nq80xrL1oZWqsMqLZHtLB6F1s6HPhNGEaghg0uh/6eVou4vKVrISoxhPp+qx1ph0o\n3xVuHVO1ysL9mtHmpiG+vVAJzENu6xjDuwoMkQbHxgII41Jv3cuvHn517GTMtmTl\n825UZCTls+v/FzxEI6byzkIPBC2f8XK8tejKMQMNNsGQ6vB7EvVy7q+MLF3e9TxO\nzPikDa9KNPuGXgL9f+zakQKCAQEA3Cp6P/OBzX0pJjsiv5QsOvj+C5Lyqy6ujCCC\nnajx3yazWz8kv/lH5ECDnMvsePkgWRmTeHnIMJngdiNSpW03A//ZEOziTvmUW8xY\nxqNyBuUhpjipmmlgY4+KQSmpC6y5g8Nu73d2GfAz3uq47TCzY5kdrtbIJ+h61zoH\nU8W5DPGNo3eVA7MH295rWDXQFVXltQww2VNHngbShk9VZR9uaIodHNz5UjFL9oDS\n1LkxbqW309KX/+XGNaiIAkgQHIVRYbRgvotJm4+XF2TUF8uhUcUWKd3rjVA3njcd\nQ/VfNR/O6G2RCfVxLj1NqqUKGrXvOfFRrZX0/yGpwX+l8YDeCwKCAQEA3M9N7zAf\nYI82RNLLNsKAiLixvwyVYPISvUwY8JfIJAd2QGaL73sPSkc+DwlXKG94fR1RqUl9\njPjGg0WQsHLTYeEhwOprzzwywu0jsrba1SjVT4xWizKMtuCtiX79HZpfH0LEYDFx\nEi6xQ0cP7sLIT4JKGxXwD5iYY623uCOe7/1CUaBVkxJnErMLQBJ2V+e8b99Qa7bn\n6qzKhnKxXdWeSzD7yieOsmOqj1vxo29/zel4rzhCzKix24VpaQnNCupZhCyIXltN\nEc1CMLJckXRQtcJwe0BMtMO827grXrPVi+U0dO5i1f0Fd4DQ8ryBZM5FS6j+HVso\nBKHf3MMBwpIUPQKCAQA8ktdFpwpsbeYXZae+y9aLdxv2NTzcyiAt33fwRp4dRjmM\nfkfvJXeZHgLX7ecmtWwn93hyahchAAUYm8lOSEkdqZOgK3xsPBCMXSGDrU5fBUWH\nxQksuZdSbRidqweedawoy2lHKzfsFQFAcJXmdEK2wVbAVsmE6Vp6wrVnX/v0yrSs\nZ+cwuF4OKRihkVSpuhNUB4GdGWOX38qmN0eIZehrjKxL16Qk7/k1XeYjrrwh9Cgq\neENnnWE2PCMHdaoxHqDwX79KTWo4CX6Jai1MSrMcmzvo0uzO2WYj+ofrvaOvKwwz\nOInyEnxMO4OV0oiAJtQlvfY56wsX8rwQx7zxQAJXAoIBAQCMtaJBURY9ryVzGC0d\neTb1aVUDnR44CCr+7FZcQyzsIMEvaumzs2Tb/ahDZr1e7CIJAL0ANu/F/OZr0tHQ\nT2v6zL94syn+hqsGYp3EDhhHi9za82BXFeBrzaNooj7kNXJ2dlKzxe37Gzwk1k0F\n5qRFXo6g0gsHtUMvCg2wTyrCXk57u8OslCaQ2P3LV7iIbgk79T/HVGhXuMLaiI4U\ncMONwOpDOZAKh86xynKiprP34NbiOeT/jGTCsjKpF/DNCuf+fW5tSptDQ9zxMUgh\n/NBN81lAgYogCzf3gFZK5CiqHGagOSVMng90xubgOFXwii3IeClvRZ6rzQfeI3qk\npfg1AoIBAE/T0O5/qEMR6Opaw8CTCoyhK7L4Yn0/pG6DadHbING9XnBrBMOBFSxP\nFvsPANH+s6AwKJflkqlSj8211MoeisVC3tkn0kM+nXx03qo/obReqyVEWx2teGvo\nWDWSMpRvsGkYXK4QaUNzLwigb32XeYvmo3bd1CALbg0PTHKADsmonTpqX9loewCQ\nPw1tE2S7ugwInzKkSN4x0WB2qFiBZ6qC9EsqHajX11q1LSLP/rgflT5zumdf3Xkc\nTixafelTtwlGpuwfJdT6CKZki2xR/y8PCrBkqtAKW6XppUrUlz0ru32qNqfbo4sC\nVpG9EbAoTwWC2Aum7QZEwLy2Oxm/8S8=\n-----END PRIVATE KEY-----\n",
            "public_key_fingerprint_md5": "0a:ff:1c:4d:2a:f7:82:83:be:cb:0f:27:e5:fe:a8:6e",
            "public_key_fingerprint_sha256": "SHA256:KVclzsUxxML+MBWsGIEy/WXnEa/LpGvI+cJaqU1cH0c",
            "public_key_openssh": "ssh-rsa AAAAB3NzaC1yc2EAAAADAQABAAACAQC95spuSsnDmvwz3Jo4EHnBYL2SauzOrUKAHnHLA4j8FZJ3DYWQ9mcwtcvHl3Wgpq6g1QhboFijoFqzY6Xail7Di+sQAlSrE26gnj5cps/3J8CAzWvn18aSKi41GRUI7Fqqpd5VZNQA9F0Ua/Hkw7lxhFpnLmVAh7Rh4UAps3NfRhcJgdLPfglB4mnE2PfgSuU3vaXYVU8EVIiY1iHjJmzwtcxYqpAKRA6tJeFqj4h3IT8dHBzviJfRFES8+FyJ7kkn+VGSCqYsVJnymfCbBcbvLs1gT/5d2bpGJNHrvHDQCBJlGBS+l77Sc74HItSKR16oBoUZx/+fVVyr47ksmD0C5lylcgb+Gl29G2seED/4PcNNJW1wqeShksyA4f7PbWqTf50C6UCIghQFKIFTBd58b8O0hHbRu6GoApPy1Ku3W/U24xdeY/GpFXMMrsutKt1OVPpyLbgrb6hpJUKfW8AH2kUmTrZ1lbloUqyv7bRa9nJruLjZHyIYUXwc2MNecRq1eIIOhh1GY67ItoC59dDnqVN70nN1CxJI8KEqUIPCOYEQGmY0sUnkTRRKYz//6oPQx48FucbcME/mNOuxChiR1edpWBGDdEPQ/Ug/EvYRJHVrI7l4iyc+ynC+VGUJuo6rgRIpd2bB2UFqKkygex8tcTTEgrFaYw+f0wQ2lVPEnw==\n",
            "public_key_pem": "-----BEGIN PUBLIC KEY-----\nMIICIjANBgkqhkiG9w0BAQEFAAOCAg8AMIICCgKCAgEAvebKbkrJw5r8M9yaOBB5\nwWC9kmrszq1CgB5xywOI/BWSdw2FkPZnMLXLx5d1oKauoNUIW6BYo6Bas2Ol2ope\nw4vrEAJUqxNuoJ4+XKbP9yfAgM1r59fGkiouNRkVCOxaqqXeVWTUAPRdFGvx5MO5\ncYRaZy5lQIe0YeFAKbNzX0YXCYHSz34JQeJpxNj34ErlN72l2FVPBFSImNYh4yZs\n8LXMWKqQCkQOrSXhao+IdyE/HRwc74iX0RREvPhcie5JJ/lRkgqmLFSZ8pnwmwXG\n7y7NYE/+Xdm6RiTR67xw0AgSZRgUvpe+0nO+ByLUikdeqAaFGcf/n1Vcq+O5LJg9\nAuZcpXIG/hpdvRtrHhA/+D3DTSVtcKnkoZLMgOH+z21qk3+dAulAiIIUBSiBUwXe\nfG/DtIR20buhqAKT8tSrt1v1NuMXXmPxqRVzDK7LrSrdTlT6ci24K2+oaSVCn1vA\nB9pFJk62dZW5aFKsr+20WvZya7i42R8iGFF8HNjDXnEatXiCDoYdRmOuyLaAufXQ\n56lTe9JzdQsSSPChKlCDwjmBEBpmNLFJ5E0USmM//+qD0MePBbnG3DBP5jTrsQoY\nkdXnaVgRg3RD0P1IPxL2ESR1ayO5eIsnPspwvlRlCbqOq4ESKXdmwdlBaipMoHsf\nLXE0xIKxWmMPn9MENpVTxJ8CAwEAAQ==\n-----END PUBLIC KEY-----\n",
            "rsa_bits": 4096
          },
          "sensitive_attributes": []
        }
      ]
    }
  ],
  "check_results": null
}
