{
  "version": 4,
  "terraform_version": "1.3.6",
  "serial": 6,
  "lineage": "82e1ac2c-ee16-e493-634a-98a4278fc5e0",
  "outputs": {},
  "resources": [
    {
      "mode": "managed",
      "type": "azurerm_storage_account",
      "name": "tfstate",
      "provider": "provider[\"registry.terraform.io/hashicorp/azurerm\"]",
      "instances": [
        {
          "schema_version": 2,
          "attributes": {
            "access_tier": "Hot",
            "account_kind": "StorageV2",
            "account_replication_type": "LRS",
            "account_tier": "Standard",
            "allow_blob_public_access": true,
            "blob_properties": [],
            "custom_domain": [],
            "enable_https_traffic_only": true,
            "id": "/subscriptions/0b12bc4f-5cb1-43bb-8c74-099222bde2cd/resourceGroups/tfstate/providers/Microsoft.Storage/storageAccounts/tfstatencu99",
            "identity": [],
            "is_hns_enabled": false,
            "large_file_share_enabled": null,
            "location": "eastus",
            "min_tls_version": "TLS1_0",
            "name": "tfstatencu99",
            "network_rules": [
              {
                "bypass": [
                  "AzureServices"
                ],
                "default_action": "Allow",
                "ip_rules": [],
                "virtual_network_subnet_ids": []
              }
            ],
            "primary_access_key": "/1sfvVvPV0LIYKo3cB1l0X3awod+BY47Zs4mddK4HGn1HJ8SJuttSPSlSf+oSIg37d7YHl7gkZ/I+AStaosoyw==",
            "primary_blob_connection_string": "DefaultEndpointsProtocol=https;BlobEndpoint=https://tfstatencu99.blob.core.windows.net/;AccountName=tfstatencu99;AccountKey=/1sfvVvPV0LIYKo3cB1l0X3awod+BY47Zs4mddK4HGn1HJ8SJuttSPSlSf+oSIg37d7YHl7gkZ/I+AStaosoyw==",
            "primary_blob_endpoint": "https://tfstatencu99.blob.core.windows.net/",
            "primary_blob_host": "tfstatencu99.blob.core.windows.net",
            "primary_connection_string": "DefaultEndpointsProtocol=https;AccountName=tfstatencu99;AccountKey=/1sfvVvPV0LIYKo3cB1l0X3awod+BY47Zs4mddK4HGn1HJ8SJuttSPSlSf+oSIg37d7YHl7gkZ/I+AStaosoyw==;EndpointSuffix=core.windows.net",
            "primary_dfs_endpoint": "https://tfstatencu99.dfs.core.windows.net/",
            "primary_dfs_host": "tfstatencu99.dfs.core.windows.net",
            "primary_file_endpoint": "https://tfstatencu99.file.core.windows.net/",
            "primary_file_host": "tfstatencu99.file.core.windows.net",
            "primary_location": "eastus",
            "primary_queue_endpoint": "https://tfstatencu99.queue.core.windows.net/",
            "primary_queue_host": "tfstatencu99.queue.core.windows.net",
            "primary_table_endpoint": "https://tfstatencu99.table.core.windows.net/",
            "primary_table_host": "tfstatencu99.table.core.windows.net",
            "primary_web_endpoint": "https://tfstatencu99.z13.web.core.windows.net/",
            "primary_web_host": "tfstatencu99.z13.web.core.windows.net",
            "queue_properties": [
              {
                "cors_rule": [],
                "hour_metrics": [
                  {
                    "enabled": true,
                    "include_apis": true,
                    "retention_policy_days": 7,
                    "version": "1.0"
                  }
                ],
                "logging": [
                  {
                    "delete": false,
                    "read": false,
                    "retention_policy_days": 0,
                    "version": "1.0",
                    "write": false
                  }
                ],
                "minute_metrics": [
                  {
                    "enabled": false,
                    "include_apis": false,
                    "retention_policy_days": 0,
                    "version": "1.0"
                  }
                ]
              }
            ],
            "resource_group_name": "tfstate",
            "secondary_access_key": "b15KdzCMj7bJuBVWmWWvqphEfAtkzCFjQVz2q4JNlTZmQ3PD5dpqUPTTyay032iT8t8lTuSZFPun+AStFrYHyw==",
            "secondary_blob_connection_string": "",
            "secondary_blob_endpoint": null,
            "secondary_blob_host": null,
            "secondary_connection_string": "DefaultEndpointsProtocol=https;AccountName=tfstatencu99;AccountKey=b15KdzCMj7bJuBVWmWWvqphEfAtkzCFjQVz2q4JNlTZmQ3PD5dpqUPTTyay032iT8t8lTuSZFPun+AStFrYHyw==;EndpointSuffix=core.windows.net",
            "secondary_dfs_endpoint": null,
            "secondary_dfs_host": null,
            "secondary_file_endpoint": null,
            "secondary_file_host": null,
            "secondary_location": "",
            "secondary_queue_endpoint": null,
            "secondary_queue_host": null,
            "secondary_table_endpoint": null,
            "secondary_table_host": null,
            "secondary_web_endpoint": null,
            "secondary_web_host": null,
            "static_website": [],
            "tags": {
              "environment": "staging"
            },
            "timeouts": null
          },
          "sensitive_attributes": [],
          "private": "eyJlMmJmYjczMC1lY2FhLTExZTYtOGY4OC0zNDM2M2JjN2M0YzAiOnsiY3JlYXRlIjozNjAwMDAwMDAwMDAwLCJkZWxldGUiOjM2MDAwMDAwMDAwMDAsInJlYWQiOjMwMDAwMDAwMDAwMCwidXBkYXRlIjozNjAwMDAwMDAwMDAwfSwic2NoZW1hX3ZlcnNpb24iOiIyIn0=",
          "dependencies": [
            "random_string.resource_code"
          ]
        }
      ]
    },
    {
      "mode": "managed",
      "type": "azurerm_storage_container",
      "name": "tfstate",
      "provider": "provider[\"registry.terraform.io/hashicorp/azurerm\"]",
      "instances": [
        {
          "schema_version": 1,
          "attributes": {
            "container_access_type": "blob",
            "has_immutability_policy": false,
            "has_legal_hold": false,
            "id": "https://tfstatencu99.blob.core.windows.net/tfstate",
            "metadata": {},
            "name": "tfstate",
            "resource_manager_id": "/subscriptions/0b12bc4f-5cb1-43bb-8c74-099222bde2cd/resourceGroups/tfstate/providers/Microsoft.Storage/storageAccounts/tfstatencu99/blobServices/default/containers/tfstate",
            "storage_account_name": "tfstatencu99",
            "timeouts": null
          },
          "sensitive_attributes": [],
          "private": "eyJlMmJmYjczMC1lY2FhLTExZTYtOGY4OC0zNDM2M2JjN2M0YzAiOnsiY3JlYXRlIjoxODAwMDAwMDAwMDAwLCJkZWxldGUiOjE4MDAwMDAwMDAwMDAsInJlYWQiOjMwMDAwMDAwMDAwMCwidXBkYXRlIjoxODAwMDAwMDAwMDAwfSwic2NoZW1hX3ZlcnNpb24iOiIxIn0=",
          "dependencies": [
            "azurerm_storage_account.tfstate",
            "random_string.resource_code"
          ]
        }
      ]
    },
    {
      "mode": "managed",
      "type": "random_string",
      "name": "resource_code",
      "provider": "provider[\"registry.terraform.io/hashicorp/random\"]",
      "instances": [
        {
          "schema_version": 2,
          "attributes": {
            "id": "ncu99",
            "keepers": null,
            "length": 5,
            "lower": true,
            "min_lower": 0,
            "min_numeric": 0,
            "min_special": 0,
            "min_upper": 0,
            "number": true,
            "numeric": true,
            "override_special": null,
            "result": "ncu99",
            "special": false,
            "upper": false
          },
          "sensitive_attributes": []
        }
      ]
    }
  ],
  "check_results": null
}
