{
  "version": 4,
  "terraform_version": "1.3.6",
  "serial": 13,
  "lineage": "2083bc28-aaf7-8529-ba71-5129d0eee851",
  "outputs": {
    "public_ip_address": {
      "value": "20.232.115.46",
      "type": "string"
    },
    "resource_group_name": {
      "value": "rg-refined-goose",
      "type": "string"
    },
    "tls_private_key": {
      "value": "-----BEGIN RSA PRIVATE KEY-----\nMIIJKQIBAAKCAgEAyLKhRyKDEfAntyY/fiVI9CVfpAGCDlw4J1ZsUdJBYhVSzF3B\nSmuDN/1Qtqj65huRZykMHwZCQ5g3wnFGHwW0ZlBA1tRtHFxXVHoQY636J330v1q8\nSTel9ZEqsejVsgcOJEPmj/9TxQhwZ1ds2+uGNORMmyXdGM6xJZs7GIlmm4I15cy3\n/uct2pAWH10ufI3KxxuirpXGkFCzvcCOngnP7QLyqK2J4EB2Pd6svgwhtKpim3+h\nTR+iw0y7kvFseGhGDKEdv+jlqEQmQkgslzD0yBA7Jtzu5uoSqzl1cfRTKKr6i3LE\niBDW6Ptdce8qy21/kPZ6fsKH5LL1C0DQw4WoIFvIuWzdIAdaO53W2XH3qHSL1E4j\nA1rjWaF6SNqPkZUAGvE4JWW1FfTQzMmFg6kOZwnSMfPsGaK151AkEagBdAZpjcsg\no3ImKYENxN5/XH18ZeVBOWhVMT0cf7lgKDhNElqHoh1kMw3cz43zL/ouJvsh8baX\nU0cOKx0pumvl/cEsmb8hQQ0r5XMxsD9YclVX7iG/uTBKMoDhcJn06J6mfKJRkhRY\nQUyszQj7sH6ruBLOd8yphdMN74ZYI59ngwAiSL4kb3WPiP7KcCgOJLQu4u7Kfm9U\n2VbzzLvniqiIXoz4OQYvRJHu3FMHa++7XVma9Qthhv6y7feiAMqYHWG3zFMCAwEA\nAQKCAgB95+JZmAMWC80+jtYiMw3TbGbVosSOcbggpY0Kv5aZC7uHzgFmyI/nXhl2\nngfYt86+IvghtnF3qlTAvQM6jv+feBVVMKrKsftvWaxSfGCEyfXy3d9lJ24L4mgg\neGsnZlmu0pIgIBPTdfneOvBl/xmQsPCGHHjaCUEE0J+AQyKFyGg7o/SCC1Gu3dmj\nD3gMV3+w7Vtfn0KUYqyAC/7skkdI7yKAQ25NquMC6WEBUOcMSh/WYXk1wvT/BHJg\nOujLmM7pOWJKdLcumqJNzq16pBHMOLKDLPMLFilkFYXiWV6aErlfJj65BadtPdRf\nl6UHPchbjuVGBI/wH3yu9JiDMKRJmur7mVuRh+ujladMg/iWHxdRk+vl6fQFKKDl\niaRdsi9C62BQD0PZKbmIXb0uPk4HvmBFSunJ+cf9LLZKWDV+hr21xkiLe/koOlO9\ndvia93TGq527vshSYAlaPnHHUNAnURIAYEXObePOYauSNE6IEyHwg3nazuENn9vL\nvWTckGx4XsgBQNsnyoZ0oJvn42ZTtg0APz2tyWDuCipsPzqggzQhxGAE2NLI8/lw\n94Ch/B93dVw8crDim6qQaij6o4PAwnkJQ5eWVzNG47dS02uRdE3yhsVIUJeyu1gE\nf9U2fF3jiS4NIiIO5lnf8F5swNjY8h1LsBFVyHtpwltz5P/eIQKCAQEA+LMYaJNV\nv379IpYKdnmNVJCjN10VKblklhMIz5SqJq3nIMJDVUc/YoER7uhAQEuy8tq/gfE1\nMnfLAoTG9TTVQ1lu7zp4W/ID855mW1oNvKyzVgFhT+yQJ0EU7uyuEHWlN6j1NoL8\nS5+FQDfY1CAKwhHpMMg3aiE415tzLzIw3rdN0OpeTxK5pn8YS8APyxtn1zl2xdYk\nTYbfvXHU6wGXwf9aqj4gOVrauk1JY0JTq75DHwFces3QFPRzr5XmK8kofs0KR7w5\n6HhPkgKWkAMX8nqs/6x0+acmKtj6dDbt5QeS/fd2eQ15j1WhSbhvvGt4VUf8IaIx\nyNSlRE7go4XdOwKCAQEAzpbQpeX47viGSnfzPPbtFmiAaHHCq0rp8dlbjHGmMqCG\nqUzNtLMTPv7O/ssqdM0ToMLMDQpQ+HfZmYC2cLLmV2QtIV+Wl4BFj3Pg57RoUbSl\n/esUTaIX7IB1F0McStaXVRkFoQqKqF9pB2WDjrUBYD2AhnEcSCX3YmBEKo3n00V1\ngP9oFfpVPuqpvZHuWyytXejcom5Ls0SzouNmVKu1Ib8DizdmJePcnyOIEJR1Xx8g\nlhKM2jDr/tNHmXwURv1bVhto75qiiyJOeEsM9bffjx0UJLQKnXunNSwz7V/IvW6Q\nMe0fFD2Lm7o4eLeKxxSaHqe4u4j4sacZj74yKtm7yQKCAQEAylar3SlB8nMW8DSy\nfoGWgt7KbBjHRxMWyyLhYEHLzXxfNz/WGGPHJhVsybsbyzPLe9qNRONCLLVZ7cqp\nNIavnAP/RZOEqQnWPTb6gAhcdMzte2PUEHqfLdC9f0YAuFN/ADHuj1MygTRf7UeC\nmdMX7Z005AOBUk+FN6W5qQRkzk7EeNy1rg/GC7gLxFWWg+DgMzMFdyAqmQjKsA8U\n875wAd4Hncq93OwWWMzYkHE+MdSyN1+cJi2cxe+8z3ZdtfILiF65pnN1ibWYx2pj\npPdfXGCCr+FXqmZbnzC5VCP8mQH4jbfwI7za0csRVjFAd0PYu0m90H9tkb+wVkr2\naRRYUQKCAQEAoOAK7RXQK2/3S6hrD2+OoyOP00W7fZ6h3YcQ5qZd8RDWrKI1kmDd\nPPI6iWn2zuwgO9FWC1WcRlE2b3YvHEYEX8uP5WxFngbypEptuqHflrjhhoF41xfC\nH5bNF+dX8eN4B3mry4OlBIcACBWCRDAqOSLLomYUyw5dvgsPKkBFZl2xqlm6WVsO\n5SbiNdCdV/zLqNS8c/UGGD0I0nDY8Fiiffv8q33hmuH9nSOTQq4JVKCtxI//ha4R\nKOio2hooxDtp0/0WU3gM2eJGTyDKn9KnUhAn7okRtx9iz2JzsYckkHe37FkmGaHv\nxL5YWZE8jdk6R2L+1XNNjzJ8ElbfREU4GQKCAQAvB4Jqr+OdUizo0EFikr/fxSup\nH1OnS4NAyb8P98n3BQsDTnfg7Ozsx3pxDZ+r8+aH93zmeju07whqnekECchXtkSf\nSJU5jbuTJZP6pFJ39iBVOCzYsaQ6YTrHw3sc7/p4NR12JQoNoU+v+/PHK7Lt4T0y\nvIt68lgLqnsWi5T2FtBMUD197QjzslUGEswH3qTgG1DJrXI+Ywg8ZzfhfQadtcSl\n1jJWyR6pkZFJmj1QGM1qrN81KEg3lBK9NRDG1l2NWcqurpcjF9JqvSfAj1TbaaDX\nXukuppgLz7BdzO+bIwWTXz+xaNoER98SXHXd0wDiDkK83UDnO+KsSM5Ul2zv\n-----END RSA PRIVATE KEY-----\n",
      "type": "string",
      "sensitive": true
    }
  },
  "resources": [
    {
      "mode": "managed",
      "type": "azurerm_linux_virtual_machine",
      "name": "my_terraform_vm",
      "provider": "provider[\"registry.terraform.io/hashicorp/azurerm\"]",
      "instances": [
        {
          "schema_version": 0,
          "attributes": {
            "additional_capabilities": [],
            "admin_password": null,
            "admin_ssh_key": [
              {
                "public_key": "ssh-rsa AAAAB3NzaC1yc2EAAAADAQABAAACAQDIsqFHIoMR8Ce3Jj9+JUj0JV+kAYIOXDgnVmxR0kFiFVLMXcFKa4M3/VC2qPrmG5FnKQwfBkJDmDfCcUYfBbRmUEDW1G0cXFdUehBjrfonffS/WrxJN6X1kSqx6NWyBw4kQ+aP/1PFCHBnV2zb64Y05EybJd0YzrElmzsYiWabgjXlzLf+5y3akBYfXS58jcrHG6KulcaQULO9wI6eCc/tAvKorYngQHY93qy+DCG0qmKbf6FNH6LDTLuS8Wx4aEYMoR2/6OWoRCZCSCyXMPTIEDsm3O7m6hKrOXVx9FMoqvqLcsSIENbo+11x7yrLbX+Q9np+wofksvULQNDDhaggW8i5bN0gB1o7ndbZcfeodIvUTiMDWuNZoXpI2o+RlQAa8TglZbUV9NDMyYWDqQ5nCdIx8+wZorXnUCQRqAF0BmmNyyCjciYpgQ3E3n9cfXxl5UE5aFUxPRx/uWAoOE0SWoeiHWQzDdzPjfMv+i4m+yHxtpdTRw4rHSm6a+X9wSyZvyFBDSvlczGwP1hyVVfuIb+5MEoygOFwmfTonqZ8olGSFFhBTKzNCPuwfqu4Es53zKmF0w3vhlgjn2eDACJIviRvdY+I/spwKA4ktC7i7sp+b1TZVvPMu+eKqIhejPg5Bi9Eke7cUwdr77tdWZr1C2GG/rLt96IAypgdYbfMUw==\n",
                "username": "azureuser"
              }
            ],
            "admin_username": "azureuser",
            "allow_extension_operations": true,
            "availability_set_id": "",
            "boot_diagnostics": [
              {
                "storage_account_uri": "https://diagfa5d4cde30f103c1.blob.core.windows.net/"
              }
            ],
            "computer_name": "myvm",
            "custom_data": null,
            "dedicated_host_group_id": "",
            "dedicated_host_id": "",
            "disable_password_authentication": true,
            "encryption_at_host_enabled": false,
            "eviction_policy": "",
            "extensions_time_budget": "PT1H30M",
            "id": "/subscriptions/0b12bc4f-5cb1-43bb-8c74-099222bde2cd/resourceGroups/rg-refined-goose/providers/Microsoft.Compute/virtualMachines/myVM",
            "identity": [],
            "license_type": "",
            "location": "eastus",
            "max_bid_price": -1,
            "name": "myVM",
            "network_interface_ids": [
              "/subscriptions/0b12bc4f-5cb1-43bb-8c74-099222bde2cd/resourceGroups/rg-refined-goose/providers/Microsoft.Network/networkInterfaces/myNIC"
            ],
            "os_disk": [
              {
                "caching": "ReadWrite",
                "diff_disk_settings": [],
                "disk_encryption_set_id": "",
                "disk_size_gb": 30,
                "name": "myOsDisk",
                "storage_account_type": "Premium_LRS",
                "write_accelerator_enabled": false
              }
            ],
            "patch_mode": "ImageDefault",
            "plan": [],
            "platform_fault_domain": -1,
            "priority": "Regular",
            "private_ip_address": "10.0.1.4",
            "private_ip_addresses": [
              "10.0.1.4"
            ],
            "provision_vm_agent": true,
            "proximity_placement_group_id": "",
            "public_ip_address": "20.232.115.46",
            "public_ip_addresses": [
              "20.232.115.46"
            ],
            "resource_group_name": "rg-refined-goose",
            "secret": [],
            "secure_boot_enabled": false,
            "size": "Standard_DS1_v2",
            "source_image_id": "",
            "source_image_reference": [
              {
                "offer": "UbuntuServer",
                "publisher": "Canonical",
                "sku": "18.04-LTS",
                "version": "latest"
              }
            ],
            "tags": null,
            "timeouts": null,
            "user_data": "",
            "virtual_machine_id": "4368acdf-ef6b-4d3b-b6d3-33d5bb7372ca",
            "virtual_machine_scale_set_id": "",
            "vtpm_enabled": false,
            "zone": ""
          },
          "sensitive_attributes": [],
          "private": "eyJlMmJmYjczMC1lY2FhLTExZTYtOGY4OC0zNDM2M2JjN2M0YzAiOnsiY3JlYXRlIjoyNzAwMDAwMDAwMDAwLCJkZWxldGUiOjI3MDAwMDAwMDAwMDAsInJlYWQiOjMwMDAwMDAwMDAwMCwidXBkYXRlIjoyNzAwMDAwMDAwMDAwfX0=",
          "dependencies": [
            "azurerm_network_interface.my_terraform_nic",
            "azurerm_public_ip.my_terraform_public_ip",
            "azurerm_resource_group.rg",
            "azurerm_storage_account.my_storage_account",
            "azurerm_subnet.my_terraform_subnet",
            "azurerm_virtual_network.my_terraform_network",
            "random_id.random_id",
            "random_pet.rg_name",
            "tls_private_key.example_ssh"
          ]
        }
      ]
    },
    {
      "mode": "managed",
      "type": "azurerm_network_interface",
      "name": "my_terraform_nic",
      "provider": "provider[\"registry.terraform.io/hashicorp/azurerm\"]",
      "instances": [
        {
          "schema_version": 0,
          "attributes": {
            "applied_dns_servers": [],
            "dns_servers": [],
            "enable_accelerated_networking": false,
            "enable_ip_forwarding": false,
            "id": "/subscriptions/0b12bc4f-5cb1-43bb-8c74-099222bde2cd/resourceGroups/rg-refined-goose/providers/Microsoft.Network/networkInterfaces/myNIC",
            "internal_dns_name_label": "",
            "internal_domain_name_suffix": "f2dkyyagnv1uvjlrmyja5cn31b.bx.internal.cloudapp.net",
            "ip_configuration": [
              {
                "gateway_load_balancer_frontend_ip_configuration_id": "",
                "name": "my_nic_configuration",
                "primary": true,
                "private_ip_address": "10.0.1.4",
                "private_ip_address_allocation": "Dynamic",
                "private_ip_address_version": "IPv4",
                "public_ip_address_id": "/subscriptions/0b12bc4f-5cb1-43bb-8c74-099222bde2cd/resourceGroups/rg-refined-goose/providers/Microsoft.Network/publicIPAddresses/myPublicIP",
                "subnet_id": "/subscriptions/0b12bc4f-5cb1-43bb-8c74-099222bde2cd/resourceGroups/rg-refined-goose/providers/Microsoft.Network/virtualNetworks/myVnet/subnets/mySubnet"
              }
            ],
            "location": "eastus",
            "mac_address": "",
            "name": "myNIC",
            "private_ip_address": "10.0.1.4",
            "private_ip_addresses": [
              "10.0.1.4"
            ],
            "resource_group_name": "rg-refined-goose",
            "tags": null,
            "timeouts": null,
            "virtual_machine_id": ""
          },
          "sensitive_attributes": [],
          "private": "eyJlMmJmYjczMC1lY2FhLTExZTYtOGY4OC0zNDM2M2JjN2M0YzAiOnsiY3JlYXRlIjoxODAwMDAwMDAwMDAwLCJkZWxldGUiOjE4MDAwMDAwMDAwMDAsInJlYWQiOjMwMDAwMDAwMDAwMCwidXBkYXRlIjoxODAwMDAwMDAwMDAwfX0=",
          "dependencies": [
            "azurerm_public_ip.my_terraform_public_ip",
            "azurerm_resource_group.rg",
            "azurerm_subnet.my_terraform_subnet",
            "azurerm_virtual_network.my_terraform_network",
            "random_pet.rg_name"
          ]
        }
      ]
    },
    {
      "mode": "managed",
      "type": "azurerm_network_interface_security_group_association",
      "name": "example",
      "provider": "provider[\"registry.terraform.io/hashicorp/azurerm\"]",
      "instances": [
        {
          "schema_version": 0,
          "attributes": {
            "id": "/subscriptions/0b12bc4f-5cb1-43bb-8c74-099222bde2cd/resourceGroups/rg-refined-goose/providers/Microsoft.Network/networkInterfaces/myNIC|/subscriptions/0b12bc4f-5cb1-43bb-8c74-099222bde2cd/resourceGroups/rg-refined-goose/providers/Microsoft.Network/networkSecurityGroups/myNetworkSecurityGroup",
            "network_interface_id": "/subscriptions/0b12bc4f-5cb1-43bb-8c74-099222bde2cd/resourceGroups/rg-refined-goose/providers/Microsoft.Network/networkInterfaces/myNIC",
            "network_security_group_id": "/subscriptions/0b12bc4f-5cb1-43bb-8c74-099222bde2cd/resourceGroups/rg-refined-goose/providers/Microsoft.Network/networkSecurityGroups/myNetworkSecurityGroup",
            "timeouts": null
          },
          "sensitive_attributes": [],
          "private": "eyJlMmJmYjczMC1lY2FhLTExZTYtOGY4OC0zNDM2M2JjN2M0YzAiOnsiY3JlYXRlIjoxODAwMDAwMDAwMDAwLCJkZWxldGUiOjE4MDAwMDAwMDAwMDAsInJlYWQiOjMwMDAwMDAwMDAwMCwidXBkYXRlIjoxODAwMDAwMDAwMDAwfX0=",
          "dependencies": [
            "azurerm_network_interface.my_terraform_nic",
            "azurerm_network_security_group.my_terraform_nsg",
            "azurerm_public_ip.my_terraform_public_ip",
            "azurerm_resource_group.rg",
            "azurerm_subnet.my_terraform_subnet",
            "azurerm_virtual_network.my_terraform_network",
            "random_pet.rg_name"
          ]
        }
      ]
    },
    {
      "mode": "managed",
      "type": "azurerm_network_security_group",
      "name": "my_terraform_nsg",
      "provider": "provider[\"registry.terraform.io/hashicorp/azurerm\"]",
      "instances": [
        {
          "schema_version": 0,
          "attributes": {
            "id": "/subscriptions/0b12bc4f-5cb1-43bb-8c74-099222bde2cd/resourceGroups/rg-refined-goose/providers/Microsoft.Network/networkSecurityGroups/myNetworkSecurityGroup",
            "location": "eastus",
            "name": "myNetworkSecurityGroup",
            "resource_group_name": "rg-refined-goose",
            "security_rule": [
              {
                "access": "Allow",
                "description": "",
                "destination_address_prefix": "*",
                "destination_address_prefixes": [],
                "destination_application_security_group_ids": [],
                "destination_port_range": "22",
                "destination_port_ranges": [],
                "direction": "Inbound",
                "name": "SSH",
                "priority": 1001,
                "protocol": "Tcp",
                "source_address_prefix": "*",
                "source_address_prefixes": [],
                "source_application_security_group_ids": [],
                "source_port_range": "*",
                "source_port_ranges": []
              }
            ],
            "tags": null,
            "timeouts": null
          },
          "sensitive_attributes": [],
          "private": "eyJlMmJmYjczMC1lY2FhLTExZTYtOGY4OC0zNDM2M2JjN2M0YzAiOnsiY3JlYXRlIjoxODAwMDAwMDAwMDAwLCJkZWxldGUiOjE4MDAwMDAwMDAwMDAsInJlYWQiOjMwMDAwMDAwMDAwMCwidXBkYXRlIjoxODAwMDAwMDAwMDAwfX0=",
          "dependencies": [
            "azurerm_resource_group.rg",
            "random_pet.rg_name"
          ]
        }
      ]
    },
    {
      "mode": "managed",
      "type": "azurerm_public_ip",
      "name": "my_terraform_public_ip",
      "provider": "provider[\"registry.terraform.io/hashicorp/azurerm\"]",
      "instances": [
        {
          "schema_version": 0,
          "attributes": {
            "allocation_method": "Dynamic",
            "availability_zone": "No-Zone",
            "domain_name_label": null,
            "fqdn": null,
            "id": "/subscriptions/0b12bc4f-5cb1-43bb-8c74-099222bde2cd/resourceGroups/rg-refined-goose/providers/Microsoft.Network/publicIPAddresses/myPublicIP",
            "idle_timeout_in_minutes": 4,
            "ip_address": "",
            "ip_tags": null,
            "ip_version": "IPv4",
            "location": "eastus",
            "name": "myPublicIP",
            "public_ip_prefix_id": null,
            "resource_group_name": "rg-refined-goose",
            "reverse_fqdn": null,
            "sku": "Basic",
            "sku_tier": "Regional",
            "tags": null,
            "timeouts": null,
            "zones": []
          },
          "sensitive_attributes": [],
          "private": "eyJlMmJmYjczMC1lY2FhLTExZTYtOGY4OC0zNDM2M2JjN2M0YzAiOnsiY3JlYXRlIjoxODAwMDAwMDAwMDAwLCJkZWxldGUiOjE4MDAwMDAwMDAwMDAsInJlYWQiOjMwMDAwMDAwMDAwMCwidXBkYXRlIjoxODAwMDAwMDAwMDAwfX0=",
          "dependencies": [
            "azurerm_resource_group.rg",
            "random_pet.rg_name"
          ]
        }
      ]
    },
    {
      "mode": "managed",
      "type": "azurerm_resource_group",
      "name": "rg",
      "provider": "provider[\"registry.terraform.io/hashicorp/azurerm\"]",
      "instances": [
        {
          "schema_version": 0,
          "attributes": {
            "id": "/subscriptions/0b12bc4f-5cb1-43bb-8c74-099222bde2cd/resourceGroups/rg-refined-goose",
            "location": "eastus",
            "name": "rg-refined-goose",
            "tags": null,
            "timeouts": null
          },
          "sensitive_attributes": [],
          "private": "eyJlMmJmYjczMC1lY2FhLTExZTYtOGY4OC0zNDM2M2JjN2M0YzAiOnsiY3JlYXRlIjo1NDAwMDAwMDAwMDAwLCJkZWxldGUiOjU0MDAwMDAwMDAwMDAsInJlYWQiOjMwMDAwMDAwMDAwMCwidXBkYXRlIjo1NDAwMDAwMDAwMDAwfX0=",
          "dependencies": [
            "random_pet.rg_name"
          ]
        }
      ]
    },
    {
      "mode": "managed",
      "type": "azurerm_storage_account",
      "name": "my_storage_account",
      "provider": "provider[\"registry.terraform.io/hashicorp/azurerm\"]",
      "instances": [
        {
          "schema_version": 2,
          "attributes": {
            "access_tier": "Hot",
            "account_kind": "StorageV2",
            "account_replication_type": "LRS",
            "account_tier": "Standard",
            "allow_blob_public_access": false,
            "azure_files_authentication": [],
            "blob_properties": [
              {
                "change_feed_enabled": false,
                "container_delete_retention_policy": [],
                "cors_rule": [],
                "default_service_version": "",
                "delete_retention_policy": [],
                "last_access_time_enabled": false,
                "versioning_enabled": false
              }
            ],
            "custom_domain": [],
            "customer_managed_key": [],
            "enable_https_traffic_only": true,
            "id": "/subscriptions/0b12bc4f-5cb1-43bb-8c74-099222bde2cd/resourceGroups/rg-refined-goose/providers/Microsoft.Storage/storageAccounts/diagfa5d4cde30f103c1",
            "identity": [],
            "infrastructure_encryption_enabled": false,
            "is_hns_enabled": false,
            "large_file_share_enabled": null,
            "location": "eastus",
            "min_tls_version": "TLS1_0",
            "name": "diagfa5d4cde30f103c1",
            "network_rules": [
              {
                "bypass": [
                  "AzureServices"
                ],
                "default_action": "Allow",
                "ip_rules": [],
                "private_link_access": [],
                "virtual_network_subnet_ids": []
              }
            ],
            "nfsv3_enabled": false,
            "primary_access_key": "NUmdn+5GVtEwlBJw1zfQjDvTHAgTr48L5kCBWraZB8ly2RFfITrQWPw+Gk7zQuj0+kceXGcgW146+AStZVVTQg==",
            "primary_blob_connection_string": "DefaultEndpointsProtocol=https;BlobEndpoint=https://diagfa5d4cde30f103c1.blob.core.windows.net/;AccountName=diagfa5d4cde30f103c1;AccountKey=NUmdn+5GVtEwlBJw1zfQjDvTHAgTr48L5kCBWraZB8ly2RFfITrQWPw+Gk7zQuj0+kceXGcgW146+AStZVVTQg==",
            "primary_blob_endpoint": "https://diagfa5d4cde30f103c1.blob.core.windows.net/",
            "primary_blob_host": "diagfa5d4cde30f103c1.blob.core.windows.net",
            "primary_connection_string": "DefaultEndpointsProtocol=https;AccountName=diagfa5d4cde30f103c1;AccountKey=NUmdn+5GVtEwlBJw1zfQjDvTHAgTr48L5kCBWraZB8ly2RFfITrQWPw+Gk7zQuj0+kceXGcgW146+AStZVVTQg==;EndpointSuffix=core.windows.net",
            "primary_dfs_endpoint": "https://diagfa5d4cde30f103c1.dfs.core.windows.net/",
            "primary_dfs_host": "diagfa5d4cde30f103c1.dfs.core.windows.net",
            "primary_file_endpoint": "https://diagfa5d4cde30f103c1.file.core.windows.net/",
            "primary_file_host": "diagfa5d4cde30f103c1.file.core.windows.net",
            "primary_location": "eastus",
            "primary_queue_endpoint": "https://diagfa5d4cde30f103c1.queue.core.windows.net/",
            "primary_queue_host": "diagfa5d4cde30f103c1.queue.core.windows.net",
            "primary_table_endpoint": "https://diagfa5d4cde30f103c1.table.core.windows.net/",
            "primary_table_host": "diagfa5d4cde30f103c1.table.core.windows.net",
            "primary_web_endpoint": "https://diagfa5d4cde30f103c1.z13.web.core.windows.net/",
            "primary_web_host": "diagfa5d4cde30f103c1.z13.web.core.windows.net",
            "queue_encryption_key_type": "Service",
            "queue_properties": [
              {
                "cors_rule": [],
                "hour_metrics": [
                  {
                    "enabled": true,
                    "include_apis": true,
                    "retention_policy_days": 7,
                    "version": "1.0"
                  }
                ],
                "logging": [
                  {
                    "delete": false,
                    "read": false,
                    "retention_policy_days": 0,
                    "version": "1.0",
                    "write": false
                  }
                ],
                "minute_metrics": [
                  {
                    "enabled": false,
                    "include_apis": false,
                    "retention_policy_days": 0,
                    "version": "1.0"
                  }
                ]
              }
            ],
            "resource_group_name": "rg-refined-goose",
            "routing": [],
            "secondary_access_key": "ClLBYD+dFJD7cnbAUirqARFZvWZFgEdD77irA1n7LifFr+/lk0IM36uTtuWc3l9CXUGYB4nwu5a9+AStRASdag==",
            "secondary_blob_connection_string": "",
            "secondary_blob_endpoint": null,
            "secondary_blob_host": null,
            "secondary_connection_string": "DefaultEndpointsProtocol=https;AccountName=diagfa5d4cde30f103c1;AccountKey=ClLBYD+dFJD7cnbAUirqARFZvWZFgEdD77irA1n7LifFr+/lk0IM36uTtuWc3l9CXUGYB4nwu5a9+AStRASdag==;EndpointSuffix=core.windows.net",
            "secondary_dfs_endpoint": null,
            "secondary_dfs_host": null,
            "secondary_file_endpoint": null,
            "secondary_file_host": null,
            "secondary_location": "",
            "secondary_queue_endpoint": null,
            "secondary_queue_host": null,
            "secondary_table_endpoint": null,
            "secondary_table_host": null,
            "secondary_web_endpoint": null,
            "secondary_web_host": null,
            "share_properties": [
              {
                "cors_rule": [],
                "retention_policy": [
                  {
                    "days": 7
                  }
                ],
                "smb": []
              }
            ],
            "shared_access_key_enabled": true,
            "static_website": [],
            "table_encryption_key_type": "Service",
            "tags": null,
            "timeouts": null
          },
          "sensitive_attributes": [],
          "private": "eyJlMmJmYjczMC1lY2FhLTExZTYtOGY4OC0zNDM2M2JjN2M0YzAiOnsiY3JlYXRlIjozNjAwMDAwMDAwMDAwLCJkZWxldGUiOjM2MDAwMDAwMDAwMDAsInJlYWQiOjMwMDAwMDAwMDAwMCwidXBkYXRlIjozNjAwMDAwMDAwMDAwfSwic2NoZW1hX3ZlcnNpb24iOiIyIn0=",
          "dependencies": [
            "azurerm_resource_group.rg",
            "random_id.random_id",
            "random_pet.rg_name"
          ]
        }
      ]
    },
    {
      "mode": "managed",
      "type": "azurerm_subnet",
      "name": "my_terraform_subnet",
      "provider": "provider[\"registry.terraform.io/hashicorp/azurerm\"]",
      "instances": [
        {
          "schema_version": 0,
          "attributes": {
            "address_prefix": "10.0.1.0/24",
            "address_prefixes": [
              "10.0.1.0/24"
            ],
            "delegation": [],
            "enforce_private_link_endpoint_network_policies": false,
            "enforce_private_link_service_network_policies": false,
            "id": "/subscriptions/0b12bc4f-5cb1-43bb-8c74-099222bde2cd/resourceGroups/rg-refined-goose/providers/Microsoft.Network/virtualNetworks/myVnet/subnets/mySubnet",
            "name": "mySubnet",
            "resource_group_name": "rg-refined-goose",
            "service_endpoint_policy_ids": null,
            "service_endpoints": null,
            "timeouts": null,
            "virtual_network_name": "myVnet"
          },
          "sensitive_attributes": [],
          "private": "eyJlMmJmYjczMC1lY2FhLTExZTYtOGY4OC0zNDM2M2JjN2M0YzAiOnsiY3JlYXRlIjoxODAwMDAwMDAwMDAwLCJkZWxldGUiOjE4MDAwMDAwMDAwMDAsInJlYWQiOjMwMDAwMDAwMDAwMCwidXBkYXRlIjoxODAwMDAwMDAwMDAwfX0=",
          "dependencies": [
            "azurerm_resource_group.rg",
            "azurerm_virtual_network.my_terraform_network",
            "random_pet.rg_name"
          ]
        }
      ]
    },
    {
      "mode": "managed",
      "type": "azurerm_virtual_network",
      "name": "my_terraform_network",
      "provider": "provider[\"registry.terraform.io/hashicorp/azurerm\"]",
      "instances": [
        {
          "schema_version": 0,
          "attributes": {
            "address_space": [
              "10.0.0.0/16"
            ],
            "bgp_community": "",
            "ddos_protection_plan": [],
            "dns_servers": [],
            "flow_timeout_in_minutes": 0,
            "guid": "60ac062f-6d06-4a77-a571-66120f89bdd9",
            "id": "/subscriptions/0b12bc4f-5cb1-43bb-8c74-099222bde2cd/resourceGroups/rg-refined-goose/providers/Microsoft.Network/virtualNetworks/myVnet",
            "location": "eastus",
            "name": "myVnet",
            "resource_group_name": "rg-refined-goose",
            "subnet": [],
            "tags": null,
            "timeouts": null,
            "vm_protection_enabled": false
          },
          "sensitive_attributes": [],
          "private": "eyJlMmJmYjczMC1lY2FhLTExZTYtOGY4OC0zNDM2M2JjN2M0YzAiOnsiY3JlYXRlIjoxODAwMDAwMDAwMDAwLCJkZWxldGUiOjE4MDAwMDAwMDAwMDAsInJlYWQiOjMwMDAwMDAwMDAwMCwidXBkYXRlIjoxODAwMDAwMDAwMDAwfX0=",
          "dependencies": [
            "azurerm_resource_group.rg",
            "random_pet.rg_name"
          ]
        }
      ]
    },
    {
      "mode": "managed",
      "type": "random_id",
      "name": "random_id",
      "provider": "provider[\"registry.terraform.io/hashicorp/random\"]",
      "instances": [
        {
          "schema_version": 0,
          "attributes": {
            "b64_std": "+l1M3jDxA8E=",
            "b64_url": "-l1M3jDxA8E",
            "byte_length": 8,
            "dec": "18040660199503627201",
            "hex": "fa5d4cde30f103c1",
            "id": "-l1M3jDxA8E",
            "keepers": {
              "resource_group": "rg-refined-goose"
            },
            "prefix": null
          },
          "sensitive_attributes": [],
          "dependencies": [
            "azurerm_resource_group.rg",
            "random_pet.rg_name"
          ]
        }
      ]
    },
    {
      "mode": "managed",
      "type": "random_pet",
      "name": "rg_name",
      "provider": "provider[\"registry.terraform.io/hashicorp/random\"]",
      "instances": [
        {
          "schema_version": 0,
          "attributes": {
            "id": "rg-refined-goose",
            "keepers": null,
            "length": 2,
            "prefix": "rg",
            "separator": "-"
          },
          "sensitive_attributes": []
        }
      ]
    },
    {
      "mode": "managed",
      "type": "tls_private_key",
      "name": "example_ssh",
      "provider": "provider[\"registry.terraform.io/hashicorp/tls\"]",
      "instances": [
        {
          "schema_version": 1,
          "attributes": {
            "algorithm": "RSA",
            "ecdsa_curve": "P224",
            "id": "b10e97f949db6a289e67ae9f3914be6fd178fbef",
            "private_key_openssh": "-----BEGIN OPENSSH PRIVATE KEY-----\nb3BlbnNzaC1rZXktdjEAAAAABG5vbmUAAAAEbm9uZQAAAAAAAAABAAACFwAAAAdz\nc2gtcnNhAAAAAwEAAQAAAgEAyLKhRyKDEfAntyY/fiVI9CVfpAGCDlw4J1ZsUdJB\nYhVSzF3BSmuDN/1Qtqj65huRZykMHwZCQ5g3wnFGHwW0ZlBA1tRtHFxXVHoQY636\nJ330v1q8STel9ZEqsejVsgcOJEPmj/9TxQhwZ1ds2+uGNORMmyXdGM6xJZs7GIlm\nm4I15cy3/uct2pAWH10ufI3KxxuirpXGkFCzvcCOngnP7QLyqK2J4EB2Pd6svgwh\ntKpim3+hTR+iw0y7kvFseGhGDKEdv+jlqEQmQkgslzD0yBA7Jtzu5uoSqzl1cfRT\nKKr6i3LEiBDW6Ptdce8qy21/kPZ6fsKH5LL1C0DQw4WoIFvIuWzdIAdaO53W2XH3\nqHSL1E4jA1rjWaF6SNqPkZUAGvE4JWW1FfTQzMmFg6kOZwnSMfPsGaK151AkEagB\ndAZpjcsgo3ImKYENxN5/XH18ZeVBOWhVMT0cf7lgKDhNElqHoh1kMw3cz43zL/ou\nJvsh8baXU0cOKx0pumvl/cEsmb8hQQ0r5XMxsD9YclVX7iG/uTBKMoDhcJn06J6m\nfKJRkhRYQUyszQj7sH6ruBLOd8yphdMN74ZYI59ngwAiSL4kb3WPiP7KcCgOJLQu\n4u7Kfm9U2VbzzLvniqiIXoz4OQYvRJHu3FMHa++7XVma9Qthhv6y7feiAMqYHWG3\nzFMAAAc4i62FrIuthawAAAAHc3NoLXJzYQAAAgEAyLKhRyKDEfAntyY/fiVI9CVf\npAGCDlw4J1ZsUdJBYhVSzF3BSmuDN/1Qtqj65huRZykMHwZCQ5g3wnFGHwW0ZlBA\n1tRtHFxXVHoQY636J330v1q8STel9ZEqsejVsgcOJEPmj/9TxQhwZ1ds2+uGNORM\nmyXdGM6xJZs7GIlmm4I15cy3/uct2pAWH10ufI3KxxuirpXGkFCzvcCOngnP7QLy\nqK2J4EB2Pd6svgwhtKpim3+hTR+iw0y7kvFseGhGDKEdv+jlqEQmQkgslzD0yBA7\nJtzu5uoSqzl1cfRTKKr6i3LEiBDW6Ptdce8qy21/kPZ6fsKH5LL1C0DQw4WoIFvI\nuWzdIAdaO53W2XH3qHSL1E4jA1rjWaF6SNqPkZUAGvE4JWW1FfTQzMmFg6kOZwnS\nMfPsGaK151AkEagBdAZpjcsgo3ImKYENxN5/XH18ZeVBOWhVMT0cf7lgKDhNElqH\noh1kMw3cz43zL/ouJvsh8baXU0cOKx0pumvl/cEsmb8hQQ0r5XMxsD9YclVX7iG/\nuTBKMoDhcJn06J6mfKJRkhRYQUyszQj7sH6ruBLOd8yphdMN74ZYI59ngwAiSL4k\nb3WPiP7KcCgOJLQu4u7Kfm9U2VbzzLvniqiIXoz4OQYvRJHu3FMHa++7XVma9Qth\nhv6y7feiAMqYHWG3zFMAAAADAQABAAACAH3n4lmYAxYLzT6O1iIzDdNsZtWixI5x\nuCCljQq/lpkLu4fOAWbIj+deGXaeB9i3zr4i+CG2cXeqVMC9AzqO/594FVUwqsqx\n+29ZrFJ8YITJ9fLd32UnbgviaCB4aydmWa7SkiAgE9N1+d468GX/GZCw8IYceNoJ\nQQTQn4BDIoXIaDuj9IILUa7d2aMPeAxXf7DtW1+fQpRirIAL/uySR0jvIoBDbk2q\n4wLpYQFQ5wxKH9ZheTXC9P8EcmA66MuYzuk5Ykp0ty6aok3OrXqkEcw4soMs8wsW\nKWQVheJZXpoSuV8mPrkFp2091F+XpQc9yFuO5UYEj/AffK70mIMwpEma6vuZW5GH\n66OVp0yD+JYfF1GT6+Xp9AUooOWJpF2yL0LrYFAPQ9kpuYhdvS4+Tge+YEVK6cn5\nx/0stkpYNX6GvbXGSIt7+Sg6U712+Jr3dMarnbu+yFJgCVo+ccdQ0CdREgBgRc5t\n485hq5I0TogTIfCDedrO4Q2f28u9ZNyQbHheyAFA2yfKhnSgm+fjZlO2DQA/Pa3J\nYO4KKmw/OqCDNCHEYATY0sjz+XD3gKH8H3d1XDxysOKbqpBqKPqjg8DCeQlDl5ZX\nM0bjt1LTa5F0TfKGxUhQl7K7WAR/1TZ8XeOJLg0iIg7mWd/wXmzA2NjyHUuwEVXI\ne2nCW3Pk/94hAAABAC8Hgmqv451SLOjQQWKSv9/FK6kfU6dLg0DJvw/3yfcFCwNO\nd+Ds7OzHenENn6vz5of3fOZ6O7TvCGqd6QQJyFe2RJ9IlTmNu5Mlk/qkUnf2IFU4\nLNixpDphOsfDexzv+ng1HXYlCg2hT6/788crsu3hPTK8i3ryWAuqexaLlPYW0ExQ\nPX3tCPOyVQYSzAfepOAbUMmtcj5jCDxnN+F9Bp21xKXWMlbJHqmRkUmaPVAYzWqs\n3zUoSDeUEr01EMbWXY1Zyq6ulyMX0mq9J8CPVNtpoNde6S6mmAvPsF3M75sjBZNf\nP7Fo2gRH3xJcdd3TAOIOQrzdQOc74qxIzlSXbO8AAAEBAPizGGiTVb9+/SKWCnZ5\njVSQozddFSm5ZJYTCM+Uqiat5yDCQ1VHP2KBEe7oQEBLsvLav4HxNTJ3ywKExvU0\n1UNZbu86eFvyA/OeZltaDbyss1YBYU/skCdBFO7srhB1pTeo9TaC/EufhUA32NQg\nCsIR6TDIN2ohONebcy8yMN63TdDqXk8SuaZ/GEvAD8sbZ9c5dsXWJE2G371x1OsB\nl8H/Wqo+IDla2rpNSWNCU6u+Qx8BXHrN0BT0c6+V5ivJKH7NCke8Oeh4T5IClpAD\nF/J6rP+sdPmnJirY+nQ27eUHkv33dnkNeY9VoUm4b7xreFVH/CGiMcjUpURO4KOF\n3TsAAAEBAM6W0KXl+O74hkp38zz27RZogGhxwqtK6fHZW4xxpjKghqlMzbSzEz7+\nzv7LKnTNE6DCzA0KUPh32ZmAtnCy5ldkLSFflpeARY9z4Oe0aFG0pf3rFE2iF+yA\ndRdDHErWl1UZBaEKiqhfaQdlg461AWA9gIZxHEgl92JgRCqN59NFdYD/aBX6VT7q\nqb2R7lssrV3o3KJuS7NEs6LjZlSrtSG/A4s3ZiXj3J8jiBCUdV8fIJYSjNow6/7T\nR5l8FEb9W1YbaO+aoosiTnhLDPW3348dFCS0Cp17pzUsM+1fyL1ukDHtHxQ9i5u6\nOHi3iscUmh6nuLuI+LGnGY++MirZu8kAAAAAAQID\n-----END OPENSSH PRIVATE KEY-----\n",
            "private_key_pem": "-----BEGIN RSA PRIVATE KEY-----\nMIIJKQIBAAKCAgEAyLKhRyKDEfAntyY/fiVI9CVfpAGCDlw4J1ZsUdJBYhVSzF3B\nSmuDN/1Qtqj65huRZykMHwZCQ5g3wnFGHwW0ZlBA1tRtHFxXVHoQY636J330v1q8\nSTel9ZEqsejVsgcOJEPmj/9TxQhwZ1ds2+uGNORMmyXdGM6xJZs7GIlmm4I15cy3\n/uct2pAWH10ufI3KxxuirpXGkFCzvcCOngnP7QLyqK2J4EB2Pd6svgwhtKpim3+h\nTR+iw0y7kvFseGhGDKEdv+jlqEQmQkgslzD0yBA7Jtzu5uoSqzl1cfRTKKr6i3LE\niBDW6Ptdce8qy21/kPZ6fsKH5LL1C0DQw4WoIFvIuWzdIAdaO53W2XH3qHSL1E4j\nA1rjWaF6SNqPkZUAGvE4JWW1FfTQzMmFg6kOZwnSMfPsGaK151AkEagBdAZpjcsg\no3ImKYENxN5/XH18ZeVBOWhVMT0cf7lgKDhNElqHoh1kMw3cz43zL/ouJvsh8baX\nU0cOKx0pumvl/cEsmb8hQQ0r5XMxsD9YclVX7iG/uTBKMoDhcJn06J6mfKJRkhRY\nQUyszQj7sH6ruBLOd8yphdMN74ZYI59ngwAiSL4kb3WPiP7KcCgOJLQu4u7Kfm9U\n2VbzzLvniqiIXoz4OQYvRJHu3FMHa++7XVma9Qthhv6y7feiAMqYHWG3zFMCAwEA\nAQKCAgB95+JZmAMWC80+jtYiMw3TbGbVosSOcbggpY0Kv5aZC7uHzgFmyI/nXhl2\nngfYt86+IvghtnF3qlTAvQM6jv+feBVVMKrKsftvWaxSfGCEyfXy3d9lJ24L4mgg\neGsnZlmu0pIgIBPTdfneOvBl/xmQsPCGHHjaCUEE0J+AQyKFyGg7o/SCC1Gu3dmj\nD3gMV3+w7Vtfn0KUYqyAC/7skkdI7yKAQ25NquMC6WEBUOcMSh/WYXk1wvT/BHJg\nOujLmM7pOWJKdLcumqJNzq16pBHMOLKDLPMLFilkFYXiWV6aErlfJj65BadtPdRf\nl6UHPchbjuVGBI/wH3yu9JiDMKRJmur7mVuRh+ujladMg/iWHxdRk+vl6fQFKKDl\niaRdsi9C62BQD0PZKbmIXb0uPk4HvmBFSunJ+cf9LLZKWDV+hr21xkiLe/koOlO9\ndvia93TGq527vshSYAlaPnHHUNAnURIAYEXObePOYauSNE6IEyHwg3nazuENn9vL\nvWTckGx4XsgBQNsnyoZ0oJvn42ZTtg0APz2tyWDuCipsPzqggzQhxGAE2NLI8/lw\n94Ch/B93dVw8crDim6qQaij6o4PAwnkJQ5eWVzNG47dS02uRdE3yhsVIUJeyu1gE\nf9U2fF3jiS4NIiIO5lnf8F5swNjY8h1LsBFVyHtpwltz5P/eIQKCAQEA+LMYaJNV\nv379IpYKdnmNVJCjN10VKblklhMIz5SqJq3nIMJDVUc/YoER7uhAQEuy8tq/gfE1\nMnfLAoTG9TTVQ1lu7zp4W/ID855mW1oNvKyzVgFhT+yQJ0EU7uyuEHWlN6j1NoL8\nS5+FQDfY1CAKwhHpMMg3aiE415tzLzIw3rdN0OpeTxK5pn8YS8APyxtn1zl2xdYk\nTYbfvXHU6wGXwf9aqj4gOVrauk1JY0JTq75DHwFces3QFPRzr5XmK8kofs0KR7w5\n6HhPkgKWkAMX8nqs/6x0+acmKtj6dDbt5QeS/fd2eQ15j1WhSbhvvGt4VUf8IaIx\nyNSlRE7go4XdOwKCAQEAzpbQpeX47viGSnfzPPbtFmiAaHHCq0rp8dlbjHGmMqCG\nqUzNtLMTPv7O/ssqdM0ToMLMDQpQ+HfZmYC2cLLmV2QtIV+Wl4BFj3Pg57RoUbSl\n/esUTaIX7IB1F0McStaXVRkFoQqKqF9pB2WDjrUBYD2AhnEcSCX3YmBEKo3n00V1\ngP9oFfpVPuqpvZHuWyytXejcom5Ls0SzouNmVKu1Ib8DizdmJePcnyOIEJR1Xx8g\nlhKM2jDr/tNHmXwURv1bVhto75qiiyJOeEsM9bffjx0UJLQKnXunNSwz7V/IvW6Q\nMe0fFD2Lm7o4eLeKxxSaHqe4u4j4sacZj74yKtm7yQKCAQEAylar3SlB8nMW8DSy\nfoGWgt7KbBjHRxMWyyLhYEHLzXxfNz/WGGPHJhVsybsbyzPLe9qNRONCLLVZ7cqp\nNIavnAP/RZOEqQnWPTb6gAhcdMzte2PUEHqfLdC9f0YAuFN/ADHuj1MygTRf7UeC\nmdMX7Z005AOBUk+FN6W5qQRkzk7EeNy1rg/GC7gLxFWWg+DgMzMFdyAqmQjKsA8U\n875wAd4Hncq93OwWWMzYkHE+MdSyN1+cJi2cxe+8z3ZdtfILiF65pnN1ibWYx2pj\npPdfXGCCr+FXqmZbnzC5VCP8mQH4jbfwI7za0csRVjFAd0PYu0m90H9tkb+wVkr2\naRRYUQKCAQEAoOAK7RXQK2/3S6hrD2+OoyOP00W7fZ6h3YcQ5qZd8RDWrKI1kmDd\nPPI6iWn2zuwgO9FWC1WcRlE2b3YvHEYEX8uP5WxFngbypEptuqHflrjhhoF41xfC\nH5bNF+dX8eN4B3mry4OlBIcACBWCRDAqOSLLomYUyw5dvgsPKkBFZl2xqlm6WVsO\n5SbiNdCdV/zLqNS8c/UGGD0I0nDY8Fiiffv8q33hmuH9nSOTQq4JVKCtxI//ha4R\nKOio2hooxDtp0/0WU3gM2eJGTyDKn9KnUhAn7okRtx9iz2JzsYckkHe37FkmGaHv\nxL5YWZE8jdk6R2L+1XNNjzJ8ElbfREU4GQKCAQAvB4Jqr+OdUizo0EFikr/fxSup\nH1OnS4NAyb8P98n3BQsDTnfg7Ozsx3pxDZ+r8+aH93zmeju07whqnekECchXtkSf\nSJU5jbuTJZP6pFJ39iBVOCzYsaQ6YTrHw3sc7/p4NR12JQoNoU+v+/PHK7Lt4T0y\nvIt68lgLqnsWi5T2FtBMUD197QjzslUGEswH3qTgG1DJrXI+Ywg8ZzfhfQadtcSl\n1jJWyR6pkZFJmj1QGM1qrN81KEg3lBK9NRDG1l2NWcqurpcjF9JqvSfAj1TbaaDX\nXukuppgLz7BdzO+bIwWTXz+xaNoER98SXHXd0wDiDkK83UDnO+KsSM5Ul2zv\n-----END RSA PRIVATE KEY-----\n",
            "private_key_pem_pkcs8": "-----BEGIN PRIVATE KEY-----\nMIIJQwIBADANBgkqhkiG9w0BAQEFAASCCS0wggkpAgEAAoICAQDIsqFHIoMR8Ce3\nJj9+JUj0JV+kAYIOXDgnVmxR0kFiFVLMXcFKa4M3/VC2qPrmG5FnKQwfBkJDmDfC\ncUYfBbRmUEDW1G0cXFdUehBjrfonffS/WrxJN6X1kSqx6NWyBw4kQ+aP/1PFCHBn\nV2zb64Y05EybJd0YzrElmzsYiWabgjXlzLf+5y3akBYfXS58jcrHG6KulcaQULO9\nwI6eCc/tAvKorYngQHY93qy+DCG0qmKbf6FNH6LDTLuS8Wx4aEYMoR2/6OWoRCZC\nSCyXMPTIEDsm3O7m6hKrOXVx9FMoqvqLcsSIENbo+11x7yrLbX+Q9np+wofksvUL\nQNDDhaggW8i5bN0gB1o7ndbZcfeodIvUTiMDWuNZoXpI2o+RlQAa8TglZbUV9NDM\nyYWDqQ5nCdIx8+wZorXnUCQRqAF0BmmNyyCjciYpgQ3E3n9cfXxl5UE5aFUxPRx/\nuWAoOE0SWoeiHWQzDdzPjfMv+i4m+yHxtpdTRw4rHSm6a+X9wSyZvyFBDSvlczGw\nP1hyVVfuIb+5MEoygOFwmfTonqZ8olGSFFhBTKzNCPuwfqu4Es53zKmF0w3vhlgj\nn2eDACJIviRvdY+I/spwKA4ktC7i7sp+b1TZVvPMu+eKqIhejPg5Bi9Eke7cUwdr\n77tdWZr1C2GG/rLt96IAypgdYbfMUwIDAQABAoICAH3n4lmYAxYLzT6O1iIzDdNs\nZtWixI5xuCCljQq/lpkLu4fOAWbIj+deGXaeB9i3zr4i+CG2cXeqVMC9AzqO/594\nFVUwqsqx+29ZrFJ8YITJ9fLd32UnbgviaCB4aydmWa7SkiAgE9N1+d468GX/GZCw\n8IYceNoJQQTQn4BDIoXIaDuj9IILUa7d2aMPeAxXf7DtW1+fQpRirIAL/uySR0jv\nIoBDbk2q4wLpYQFQ5wxKH9ZheTXC9P8EcmA66MuYzuk5Ykp0ty6aok3OrXqkEcw4\nsoMs8wsWKWQVheJZXpoSuV8mPrkFp2091F+XpQc9yFuO5UYEj/AffK70mIMwpEma\n6vuZW5GH66OVp0yD+JYfF1GT6+Xp9AUooOWJpF2yL0LrYFAPQ9kpuYhdvS4+Tge+\nYEVK6cn5x/0stkpYNX6GvbXGSIt7+Sg6U712+Jr3dMarnbu+yFJgCVo+ccdQ0CdR\nEgBgRc5t485hq5I0TogTIfCDedrO4Q2f28u9ZNyQbHheyAFA2yfKhnSgm+fjZlO2\nDQA/Pa3JYO4KKmw/OqCDNCHEYATY0sjz+XD3gKH8H3d1XDxysOKbqpBqKPqjg8DC\neQlDl5ZXM0bjt1LTa5F0TfKGxUhQl7K7WAR/1TZ8XeOJLg0iIg7mWd/wXmzA2Njy\nHUuwEVXIe2nCW3Pk/94hAoIBAQD4sxhok1W/fv0ilgp2eY1UkKM3XRUpuWSWEwjP\nlKomrecgwkNVRz9igRHu6EBAS7Ly2r+B8TUyd8sChMb1NNVDWW7vOnhb8gPznmZb\nWg28rLNWAWFP7JAnQRTu7K4QdaU3qPU2gvxLn4VAN9jUIArCEekwyDdqITjXm3Mv\nMjDet03Q6l5PErmmfxhLwA/LG2fXOXbF1iRNht+9cdTrAZfB/1qqPiA5Wtq6TUlj\nQlOrvkMfAVx6zdAU9HOvleYrySh+zQpHvDnoeE+SApaQAxfyeqz/rHT5pyYq2Pp0\nNu3lB5L993Z5DXmPVaFJuG+8a3hVR/whojHI1KVETuCjhd07AoIBAQDOltCl5fju\n+IZKd/M89u0WaIBoccKrSunx2VuMcaYyoIapTM20sxM+/s7+yyp0zROgwswNClD4\nd9mZgLZwsuZXZC0hX5aXgEWPc+DntGhRtKX96xRNohfsgHUXQxxK1pdVGQWhCoqo\nX2kHZYOOtQFgPYCGcRxIJfdiYEQqjefTRXWA/2gV+lU+6qm9ke5bLK1d6Nyibkuz\nRLOi42ZUq7UhvwOLN2Yl49yfI4gQlHVfHyCWEozaMOv+00eZfBRG/VtWG2jvmqKL\nIk54Swz1t9+PHRQktAqde6c1LDPtX8i9bpAx7R8UPYubujh4t4rHFJoep7i7iPix\npxmPvjIq2bvJAoIBAQDKVqvdKUHycxbwNLJ+gZaC3spsGMdHExbLIuFgQcvNfF83\nP9YYY8cmFWzJuxvLM8t72o1E40IstVntyqk0hq+cA/9Fk4SpCdY9NvqACFx0zO17\nY9QQep8t0L1/RgC4U38AMe6PUzKBNF/tR4KZ0xftnTTkA4FST4U3pbmpBGTOTsR4\n3LWuD8YLuAvEVZaD4OAzMwV3ICqZCMqwDxTzvnAB3gedyr3c7BZYzNiQcT4x1LI3\nX5wmLZzF77zPdl218guIXrmmc3WJtZjHamOk919cYIKv4VeqZlufMLlUI/yZAfiN\nt/AjvNrRyxFWMUB3Q9i7Sb3Qf22Rv7BWSvZpFFhRAoIBAQCg4ArtFdArb/dLqGsP\nb46jI4/TRbt9nqHdhxDmpl3xENasojWSYN088jqJafbO7CA70VYLVZxGUTZvdi8c\nRgRfy4/lbEWeBvKkSm26od+WuOGGgXjXF8Ifls0X51fx43gHeavLg6UEhwAIFYJE\nMCo5IsuiZhTLDl2+Cw8qQEVmXbGqWbpZWw7lJuI10J1X/Muo1Lxz9QYYPQjScNjw\nWKJ9+/yrfeGa4f2dI5NCrglUoK3Ej/+FrhEo6KjaGijEO2nT/RZTeAzZ4kZPIMqf\n0qdSECfuiRG3H2LPYnOxhySQd7fsWSYZoe/EvlhZkTyN2TpHYv7Vc02PMnwSVt9E\nRTgZAoIBAC8Hgmqv451SLOjQQWKSv9/FK6kfU6dLg0DJvw/3yfcFCwNOd+Ds7OzH\nenENn6vz5of3fOZ6O7TvCGqd6QQJyFe2RJ9IlTmNu5Mlk/qkUnf2IFU4LNixpDph\nOsfDexzv+ng1HXYlCg2hT6/788crsu3hPTK8i3ryWAuqexaLlPYW0ExQPX3tCPOy\nVQYSzAfepOAbUMmtcj5jCDxnN+F9Bp21xKXWMlbJHqmRkUmaPVAYzWqs3zUoSDeU\nEr01EMbWXY1Zyq6ulyMX0mq9J8CPVNtpoNde6S6mmAvPsF3M75sjBZNfP7Fo2gRH\n3xJcdd3TAOIOQrzdQOc74qxIzlSXbO8=\n-----END PRIVATE KEY-----\n",
            "public_key_fingerprint_md5": "2c:22:66:90:f7:17:fb:92:19:cd:53:9e:9e:19:7f:e9",
            "public_key_fingerprint_sha256": "SHA256:2UnO+ZyQmt6TQxecRThrif9lEaaMP44NPig8qLhI4Ag",
            "public_key_openssh": "ssh-rsa AAAAB3NzaC1yc2EAAAADAQABAAACAQDIsqFHIoMR8Ce3Jj9+JUj0JV+kAYIOXDgnVmxR0kFiFVLMXcFKa4M3/VC2qPrmG5FnKQwfBkJDmDfCcUYfBbRmUEDW1G0cXFdUehBjrfonffS/WrxJN6X1kSqx6NWyBw4kQ+aP/1PFCHBnV2zb64Y05EybJd0YzrElmzsYiWabgjXlzLf+5y3akBYfXS58jcrHG6KulcaQULO9wI6eCc/tAvKorYngQHY93qy+DCG0qmKbf6FNH6LDTLuS8Wx4aEYMoR2/6OWoRCZCSCyXMPTIEDsm3O7m6hKrOXVx9FMoqvqLcsSIENbo+11x7yrLbX+Q9np+wofksvULQNDDhaggW8i5bN0gB1o7ndbZcfeodIvUTiMDWuNZoXpI2o+RlQAa8TglZbUV9NDMyYWDqQ5nCdIx8+wZorXnUCQRqAF0BmmNyyCjciYpgQ3E3n9cfXxl5UE5aFUxPRx/uWAoOE0SWoeiHWQzDdzPjfMv+i4m+yHxtpdTRw4rHSm6a+X9wSyZvyFBDSvlczGwP1hyVVfuIb+5MEoygOFwmfTonqZ8olGSFFhBTKzNCPuwfqu4Es53zKmF0w3vhlgjn2eDACJIviRvdY+I/spwKA4ktC7i7sp+b1TZVvPMu+eKqIhejPg5Bi9Eke7cUwdr77tdWZr1C2GG/rLt96IAypgdYbfMUw==\n",
            "public_key_pem": "-----BEGIN PUBLIC KEY-----\nMIICIjANBgkqhkiG9w0BAQEFAAOCAg8AMIICCgKCAgEAyLKhRyKDEfAntyY/fiVI\n9CVfpAGCDlw4J1ZsUdJBYhVSzF3BSmuDN/1Qtqj65huRZykMHwZCQ5g3wnFGHwW0\nZlBA1tRtHFxXVHoQY636J330v1q8STel9ZEqsejVsgcOJEPmj/9TxQhwZ1ds2+uG\nNORMmyXdGM6xJZs7GIlmm4I15cy3/uct2pAWH10ufI3KxxuirpXGkFCzvcCOngnP\n7QLyqK2J4EB2Pd6svgwhtKpim3+hTR+iw0y7kvFseGhGDKEdv+jlqEQmQkgslzD0\nyBA7Jtzu5uoSqzl1cfRTKKr6i3LEiBDW6Ptdce8qy21/kPZ6fsKH5LL1C0DQw4Wo\nIFvIuWzdIAdaO53W2XH3qHSL1E4jA1rjWaF6SNqPkZUAGvE4JWW1FfTQzMmFg6kO\nZwnSMfPsGaK151AkEagBdAZpjcsgo3ImKYENxN5/XH18ZeVBOWhVMT0cf7lgKDhN\nElqHoh1kMw3cz43zL/ouJvsh8baXU0cOKx0pumvl/cEsmb8hQQ0r5XMxsD9YclVX\n7iG/uTBKMoDhcJn06J6mfKJRkhRYQUyszQj7sH6ruBLOd8yphdMN74ZYI59ngwAi\nSL4kb3WPiP7KcCgOJLQu4u7Kfm9U2VbzzLvniqiIXoz4OQYvRJHu3FMHa++7XVma\n9Qthhv6y7feiAMqYHWG3zFMCAwEAAQ==\n-----END PUBLIC KEY-----\n",
            "rsa_bits": 4096
          },
          "sensitive_attributes": []
        }
      ]
    }
  ],
  "check_results": null
}
