{
  "version": 4,
  "terraform_version": "1.3.6",
  "serial": 48,
  "lineage": "978e9258-7fa0-89d4-da4e-5f42dc4889e4",
  "outputs": {
    "public_ip_address": {
      "value": "20.121.9.34",
      "type": "string"
    },
    "resource_group_name": {
      "value": "rg-assured-mammal",
      "type": "string"
    },
    "tls_private_key": {
      "value": "-----BEGIN RSA PRIVATE KEY-----\nMIIJKQIBAAKCAgEAs4rNDVwI9hRIaBUkWui7X8L5PeGsxmM8WiuSozaY+gQ7+jja\nXNRinX6wY/NHSAMwbb5WG6D2e0jxJjJig+hGf2oi0ZKwwC68lXG2K+Jk8jbXLDSj\n6uFnr9tEd39/AMpbV6oZq3NWuc2jrJh9uTXBsxM5DVLBF0g64J1NH2p6Hb+1njl1\n8Qkpx4wMdhXuW9TrcGCeIAyb7h67GoCkGYgpib9A5pVfmxFD9YHhibgbgkAP+zUN\npKxlhtz1XT0cO+uAsk6/6+emoscOLp4JmdA/8MQgpDF8ILe3NIZlUeF23sijjiwc\n3GCRsVxrJ3D0v/nD8HWzQ5VIoERLHZ0X1swCZZM1dGEYArRY83xugG8/u4ACRNyo\nhdivpqqoVIrRXl3HJNzEZ1YRhvc1fwgqGl9Rkt37GBEJWoE79sr904fkU0BKN7OH\n+I4l6NeK9krR7UvdCa48LMbeKD4YuXSuuCXt7QDSM++dLnDxbAoLkZOA7c3VWHcK\nnGgFkLXvAUpMea0ccMQkXXut8+zf49zCV82X4zNXVXEAWGvIYtySNCB3kiYMm6lz\nNbicucQFYiBMmR0rGn+8cRMo9HLYxlP3Ef6NQOJ6rYr53Pu6Mvs7aDoMO1alXh4g\nUmnS9uNH0CuUOkpFOpcES/N+3iyYVkke4ITnvBvRr0BPJQuKUAL/1bGbrJkCAwEA\nAQKCAgBmHqCa5KpELS0x5jSTcKSCx0c0p1O6U19UekwhgUBplFb477Vj73lX02NI\ntmrozseQ5B3eASOw48Al1aqrFEZk2l2Ljj/yT6L77X2MYGzCR+cDQb2qLyLmp3S9\n80qtjGt/5URMfIHrlMdvuBxqZ+UQkfJ1XYhuUasLbu0a3Vkv6obGxDANNQUKduHv\nmHHG0chIVuwZlpJqUhhh7qFn1EasDpg/jt6eOKfK0GEUEB+1afKtE3P7IgNtPehh\nbAzPGBhPUvNenpftJgMvCLy1O/niW+uk+HB9u4D84yRl+jO+a6h7iSOxRUwY8VQR\nTvIm700/S/L2kcaJQc7nvR5+EfOaFsekWSrxgk5JUWGlxkud/ZFwktQyiVnci591\necqpoXjxD0o18OlJGTCirTiCbXtKz1zxJjTA4gPajvJ9mrjSkicEkFzpDwtMrQMc\nptRJuZJp2LWTkwZHBFcnVG9K0ZoTeFSE7q53cb96VDW8wYyeTlZVwK/7zFcgPPY3\n5Ke/YHCWCBEDtOcb8O/H8YnYKKfJ0UMBZdFUGgfToyRrozr+seToWQzLVHOR9f+r\nzyr8BkjiEdZdMJZ84x0dE83FT+HT6vjCbnn2VUAlxUcBh3/w6U18Q4fV183WJc1x\n+EPa1Pk7yfsURNxsBVUD20cls+QcODKlb3wbHSeODRp6bgpw8QKCAQEA1EgOEdgD\nZ/tL0fijDWdUN5x31PMMZ0l/3R5mIUyolaPqu+hA6T64dy1+yVG30dw+hwdQcqj1\nH22RraaLOvA7L8A7rijvvFmssAGqXMJG+8NzhbjQuO8lIxrPasPJsMHJBiIjGE5/\nQmXHlQv5edNMEE+nQ+2KqF2zPTcwhDPN1BuJNRUsG9zLdVzXKKnOKnMSWidWoPU2\nLkeeb3grKod4d9U1SJRw7k2kx0EZxW1Xea5+oJGtoeQc59qHoFd0+gUVoKBb6wIr\nhVIXPKbLo77n2fY2zh0EJyNAKobKCmZrC7DWCu/fHIjtTi2YpxPmekXzVgMX08NB\nwJ1C02Nr3wEV8wKCAQEA2ISo3Zu7MJEcOgCSB8JXq9iBC01g2JOTP0uQrGGbPn3O\n6IzHU82LwbOxsZ+pB2Oi40ZMZAP9myH1A8Iq1/dhsXqxKtvTCDcEB4/Svjpj7kaP\naA6UVn+ovHM3dEQ3cP2gDFL1bkNoHQ3TaB06fB+/Dw0RRYjVcrevLscAQELkxAsp\nX9DyGJDl7q6VsOynumJqbiDXOL5I7GjpRYQUnFZxcYlGXIyn7/qXw88C469MSd7z\npkyyTtKiycAFuJN9t5eb4cFkqtfgY1MusIKZWxesQ5VgD2aocxCI5yeoAMdEdNyG\nlr8H1ILVFXYT+LhPe3Eh/t8eID/iyh/uzH4r2FbaQwKCAQATS51jx9O/btsccdI4\nVK0WBPXreFAnT0n9CldULYihWW3ruJe128qeopcEq5Xe0HsqgOKyGWN2gNoeA6Zi\nLBXlKD8EfJoV77y/ntciaVJUbhahEASA2tPwVe6GkNdTZrnkAdRY0EHHAkNa6+S4\nSxl93g+hIAVbenDhXpPdYGwUHJCjL5J70dz4hQDVpGGmACGp6it4o/FR0Za4IR8j\nVX8AvXODbmK5dntE1UkHZgHugIroA3XZ4kcyV+2+CFUMqMundwwD14WnL6gHDk4y\nSxb9++BNadvHxu99LhVNTrPqMx+xjM4l5NhVI9XdUfTAJn2Q0uUmjXf7jw/U8ROM\nCKg7AoIBAQCyxP2kU/O/iuCSZ2wrKeQ3SABsM4xV5as7JIokOkby1u9ihPIDGIBf\nA54guWHXbwXLv3xNTBo131isrMGxJVktL89eQrhAXSRflfl8BTwDPZEkan1B2g+Y\n4UyVG8nm6hIeetSYIOGys3qsyQ1D9PZMWA69qdgK6uyio75qUJEP6ONVcHCjpeej\nJdUEirGGK8ISgd0RxdLyF0Ebm41k896gzqYgviXe97oc+yw4j8FecM4drc+/Ux0D\nlR9kIas4Td5wDLywbqOffsvbA0nZs3cRKiFxNeK5dpqCuPR3CBBWqMobZ0jwxsFn\nAeJFhvBhTKy0Asad/AGlv63se/R5oGR/AoIBAQCsBffP8eR8arrL8d2B31gKS9vi\nYFGDYr6B9gl8J8XWxSbzMpFkw8W00pEfHfzOhQRqdih6ls/VvxsAiMp4l7K7A2jF\nTVwvAi7N1aQ1krscq+SMOHiJQyb1b0iE2bTG6Q8c6mXrCTpkkAL3PRZdNaNAKkRB\nKsEjIHwQbGzRTbUOKcJVwou+SZKJ8v8LeRZEVNzKVc6A1s/RmkAI9nUQESZK9eUr\nZIG1hxZF2yCAmJMM+U7HP2OuTGX3avbm0FSm0B4yaH6U660IJ16//ljSZpfSx/eN\nE/Ew1v67zjx1bN02Zc5fJEfZl8iKq6esCWAc7JGrRd4D8aEmpfLqa2YUBeh8\n-----END RSA PRIVATE KEY-----\n",
      "type": "string",
      "sensitive": true
    }
  },
  "resources": [
    {
      "mode": "managed",
      "type": "azurerm_linux_virtual_machine",
      "name": "my_terraform_vm",
      "provider": "provider[\"registry.terraform.io/hashicorp/azurerm\"]",
      "instances": [
        {
          "status": "tainted",
          "schema_version": 0,
          "attributes": {
            "additional_capabilities": [],
            "admin_password": null,
            "admin_ssh_key": [
              {
                "public_key": "ssh-rsa AAAAB3NzaC1yc2EAAAADAQABAAABAQDmdzjeANOp2KUFN1gk3Md9Cz21eeF4XncSbfDaIW1zkLYM3k+tyv5Zc9b9eRJ3S7kc/YgK03nRwk3BDYIO7+rYGDADeJMYX79o/GxG+V1/61goCrxQEkvq34K4CeLgmew8Q9KG9UD7vE3VmbGWVH61rxVGRa1e6orOzQoIcsKicN/itNjzYQxB7Mu25M2z83msbzV9k1MVPU6v2hs8oK91aDsEBFgTQYUh2DeyYvCa38PDm6Bv8tEGZ98D0/xO375L7nNxPvohuiZi5Llre8IbfltjJtVdRbZ96dvFAZEXJTWOfbS+b9EP+R25l1wfY3rdLwiqG1aCuoSUUtrLqRlp root@ansible-master\n",
                "username": "azureuser"
              }
            ],
            "admin_username": "azureuser",
            "allow_extension_operations": true,
            "availability_set_id": "",
            "boot_diagnostics": [
              {
                "storage_account_uri": "https://diagd834f2bb794474a8.blob.core.windows.net/"
              }
            ],
            "computer_name": "myvm",
            "custom_data": null,
            "dedicated_host_group_id": "",
            "dedicated_host_id": "",
            "disable_password_authentication": true,
            "encryption_at_host_enabled": false,
            "eviction_policy": "",
            "extensions_time_budget": "PT1H30M",
            "id": "/subscriptions/0b12bc4f-5cb1-43bb-8c74-099222bde2cd/resourceGroups/rg-assured-mammal/providers/Microsoft.Compute/virtualMachines/myVM",
            "identity": [],
            "license_type": "",
            "location": "eastus",
            "max_bid_price": -1,
            "name": "myVM",
            "network_interface_ids": [
              "/subscriptions/0b12bc4f-5cb1-43bb-8c74-099222bde2cd/resourceGroups/rg-assured-mammal/providers/Microsoft.Network/networkInterfaces/myNIC"
            ],
            "os_disk": [
              {
                "caching": "ReadWrite",
                "diff_disk_settings": [],
                "disk_encryption_set_id": "",
                "disk_size_gb": 30,
                "name": "myOsDisk",
                "storage_account_type": "Premium_LRS",
                "write_accelerator_enabled": false
              }
            ],
            "patch_mode": "ImageDefault",
            "plan": [],
            "platform_fault_domain": -1,
            "priority": "Regular",
            "private_ip_address": "10.0.1.4",
            "private_ip_addresses": [
              "10.0.1.4"
            ],
            "provision_vm_agent": true,
            "proximity_placement_group_id": "",
            "public_ip_address": "20.121.9.34",
            "public_ip_addresses": [
              "20.121.9.34"
            ],
            "resource_group_name": "rg-assured-mammal",
            "secret": [],
            "secure_boot_enabled": false,
            "size": "Standard_DS1_v2",
            "source_image_id": "",
            "source_image_reference": [
              {
                "offer": "UbuntuServer",
                "publisher": "Canonical",
                "sku": "18.04-LTS",
                "version": "latest"
              }
            ],
            "tags": {
              "environment": "Terraform Demo"
            },
            "timeouts": null,
            "user_data": "",
            "virtual_machine_id": "ebe502f8-caff-4352-8eb3-bdbb9d517f99",
            "virtual_machine_scale_set_id": "",
            "vtpm_enabled": false,
            "zone": ""
          },
          "sensitive_attributes": [],
          "private": "eyJlMmJmYjczMC1lY2FhLTExZTYtOGY4OC0zNDM2M2JjN2M0YzAiOnsiY3JlYXRlIjoyNzAwMDAwMDAwMDAwLCJkZWxldGUiOjI3MDAwMDAwMDAwMDAsInJlYWQiOjMwMDAwMDAwMDAwMCwidXBkYXRlIjoyNzAwMDAwMDAwMDAwfX0=",
          "dependencies": [
            "azurerm_network_interface.my_terraform_nic",
            "azurerm_resource_group.rg",
            "azurerm_storage_account.my_storage_account"
          ]
        }
      ]
    },
    {
      "mode": "managed",
      "type": "azurerm_network_interface",
      "name": "my_terraform_nic",
      "provider": "provider[\"registry.terraform.io/hashicorp/azurerm\"]",
      "instances": [
        {
          "schema_version": 0,
          "attributes": {
            "applied_dns_servers": [],
            "dns_servers": [],
            "enable_accelerated_networking": false,
            "enable_ip_forwarding": false,
            "id": "/subscriptions/0b12bc4f-5cb1-43bb-8c74-099222bde2cd/resourceGroups/rg-assured-mammal/providers/Microsoft.Network/networkInterfaces/myNIC",
            "internal_dns_name_label": "",
            "internal_domain_name_suffix": "1q4oipkg3mgezmwl0gqsno3zvf.bx.internal.cloudapp.net",
            "ip_configuration": [
              {
                "gateway_load_balancer_frontend_ip_configuration_id": "",
                "name": "my_nic_configuration",
                "primary": true,
                "private_ip_address": "10.0.1.4",
                "private_ip_address_allocation": "Dynamic",
                "private_ip_address_version": "IPv4",
                "public_ip_address_id": "/subscriptions/0b12bc4f-5cb1-43bb-8c74-099222bde2cd/resourceGroups/rg-assured-mammal/providers/Microsoft.Network/publicIPAddresses/myPublicIP",
                "subnet_id": "/subscriptions/0b12bc4f-5cb1-43bb-8c74-099222bde2cd/resourceGroups/rg-assured-mammal/providers/Microsoft.Network/virtualNetworks/myVnet/subnets/mySubnet"
              }
            ],
            "location": "eastus",
            "mac_address": "00-0D-3A-9E-3B-82",
            "name": "myNIC",
            "private_ip_address": "10.0.1.4",
            "private_ip_addresses": [
              "10.0.1.4"
            ],
            "resource_group_name": "rg-assured-mammal",
            "tags": {},
            "timeouts": null,
            "virtual_machine_id": "/subscriptions/0b12bc4f-5cb1-43bb-8c74-099222bde2cd/resourceGroups/rg-assured-mammal/providers/Microsoft.Compute/virtualMachines/myVM"
          },
          "sensitive_attributes": [],
          "private": "eyJlMmJmYjczMC1lY2FhLTExZTYtOGY4OC0zNDM2M2JjN2M0YzAiOnsiY3JlYXRlIjoxODAwMDAwMDAwMDAwLCJkZWxldGUiOjE4MDAwMDAwMDAwMDAsInJlYWQiOjMwMDAwMDAwMDAwMCwidXBkYXRlIjoxODAwMDAwMDAwMDAwfX0=",
          "dependencies": [
            "azurerm_public_ip.my_terraform_public_ip",
            "azurerm_resource_group.rg",
            "azurerm_subnet.my_terraform_subnet",
            "azurerm_virtual_network.my_terraform_network",
            "random_pet.rg_name"
          ]
        }
      ]
    },
    {
      "mode": "managed",
      "type": "azurerm_network_interface_security_group_association",
      "name": "example",
      "provider": "provider[\"registry.terraform.io/hashicorp/azurerm\"]",
      "instances": [
        {
          "schema_version": 0,
          "attributes": {
            "id": "/subscriptions/0b12bc4f-5cb1-43bb-8c74-099222bde2cd/resourceGroups/rg-assured-mammal/providers/Microsoft.Network/networkInterfaces/myNIC|/subscriptions/0b12bc4f-5cb1-43bb-8c74-099222bde2cd/resourceGroups/rg-assured-mammal/providers/Microsoft.Network/networkSecurityGroups/myNetworkSecurityGroup",
            "network_interface_id": "/subscriptions/0b12bc4f-5cb1-43bb-8c74-099222bde2cd/resourceGroups/rg-assured-mammal/providers/Microsoft.Network/networkInterfaces/myNIC",
            "network_security_group_id": "/subscriptions/0b12bc4f-5cb1-43bb-8c74-099222bde2cd/resourceGroups/rg-assured-mammal/providers/Microsoft.Network/networkSecurityGroups/myNetworkSecurityGroup",
            "timeouts": null
          },
          "sensitive_attributes": [],
          "private": "eyJlMmJmYjczMC1lY2FhLTExZTYtOGY4OC0zNDM2M2JjN2M0YzAiOnsiY3JlYXRlIjoxODAwMDAwMDAwMDAwLCJkZWxldGUiOjE4MDAwMDAwMDAwMDAsInJlYWQiOjMwMDAwMDAwMDAwMCwidXBkYXRlIjoxODAwMDAwMDAwMDAwfX0=",
          "dependencies": [
            "azurerm_network_interface.my_terraform_nic",
            "azurerm_network_security_group.my_terraform_nsg",
            "azurerm_public_ip.my_terraform_public_ip",
            "azurerm_resource_group.rg",
            "azurerm_subnet.my_terraform_subnet",
            "azurerm_virtual_network.my_terraform_network",
            "random_pet.rg_name"
          ]
        }
      ]
    },
    {
      "mode": "managed",
      "type": "azurerm_network_security_group",
      "name": "my_terraform_nsg",
      "provider": "provider[\"registry.terraform.io/hashicorp/azurerm\"]",
      "instances": [
        {
          "schema_version": 0,
          "attributes": {
            "id": "/subscriptions/0b12bc4f-5cb1-43bb-8c74-099222bde2cd/resourceGroups/rg-assured-mammal/providers/Microsoft.Network/networkSecurityGroups/myNetworkSecurityGroup",
            "location": "eastus",
            "name": "myNetworkSecurityGroup",
            "resource_group_name": "rg-assured-mammal",
            "security_rule": [
              {
                "access": "Allow",
                "description": "",
                "destination_address_prefix": "*",
                "destination_address_prefixes": [],
                "destination_application_security_group_ids": [],
                "destination_port_range": "22",
                "destination_port_ranges": [],
                "direction": "Inbound",
                "name": "SSH",
                "priority": 1001,
                "protocol": "Tcp",
                "source_address_prefix": "*",
                "source_address_prefixes": [],
                "source_application_security_group_ids": [],
                "source_port_range": "*",
                "source_port_ranges": []
              }
            ],
            "tags": {},
            "timeouts": null
          },
          "sensitive_attributes": [],
          "private": "eyJlMmJmYjczMC1lY2FhLTExZTYtOGY4OC0zNDM2M2JjN2M0YzAiOnsiY3JlYXRlIjoxODAwMDAwMDAwMDAwLCJkZWxldGUiOjE4MDAwMDAwMDAwMDAsInJlYWQiOjMwMDAwMDAwMDAwMCwidXBkYXRlIjoxODAwMDAwMDAwMDAwfX0=",
          "dependencies": [
            "azurerm_resource_group.rg",
            "random_pet.rg_name"
          ]
        }
      ]
    },
    {
      "mode": "managed",
      "type": "azurerm_public_ip",
      "name": "my_terraform_public_ip",
      "provider": "provider[\"registry.terraform.io/hashicorp/azurerm\"]",
      "instances": [
        {
          "schema_version": 0,
          "attributes": {
            "allocation_method": "Dynamic",
            "availability_zone": "No-Zone",
            "domain_name_label": null,
            "fqdn": null,
            "id": "/subscriptions/0b12bc4f-5cb1-43bb-8c74-099222bde2cd/resourceGroups/rg-assured-mammal/providers/Microsoft.Network/publicIPAddresses/myPublicIP",
            "idle_timeout_in_minutes": 4,
            "ip_address": "20.85.235.159",
            "ip_tags": {},
            "ip_version": "IPv4",
            "location": "eastus",
            "name": "myPublicIP",
            "public_ip_prefix_id": null,
            "resource_group_name": "rg-assured-mammal",
            "reverse_fqdn": null,
            "sku": "Basic",
            "sku_tier": "Regional",
            "tags": {},
            "timeouts": null,
            "zones": []
          },
          "sensitive_attributes": [],
          "private": "eyJlMmJmYjczMC1lY2FhLTExZTYtOGY4OC0zNDM2M2JjN2M0YzAiOnsiY3JlYXRlIjoxODAwMDAwMDAwMDAwLCJkZWxldGUiOjE4MDAwMDAwMDAwMDAsInJlYWQiOjMwMDAwMDAwMDAwMCwidXBkYXRlIjoxODAwMDAwMDAwMDAwfX0=",
          "dependencies": [
            "azurerm_resource_group.rg",
            "random_pet.rg_name"
          ]
        }
      ]
    },
    {
      "mode": "managed",
      "type": "azurerm_resource_group",
      "name": "rg",
      "provider": "provider[\"registry.terraform.io/hashicorp/azurerm\"]",
      "instances": [
        {
          "schema_version": 0,
          "attributes": {
            "id": "/subscriptions/0b12bc4f-5cb1-43bb-8c74-099222bde2cd/resourceGroups/rg-assured-mammal",
            "location": "eastus",
            "name": "rg-assured-mammal",
            "tags": {},
            "timeouts": null
          },
          "sensitive_attributes": [],
          "private": "eyJlMmJmYjczMC1lY2FhLTExZTYtOGY4OC0zNDM2M2JjN2M0YzAiOnsiY3JlYXRlIjo1NDAwMDAwMDAwMDAwLCJkZWxldGUiOjU0MDAwMDAwMDAwMDAsInJlYWQiOjMwMDAwMDAwMDAwMCwidXBkYXRlIjo1NDAwMDAwMDAwMDAwfX0=",
          "dependencies": [
            "random_pet.rg_name"
          ]
        }
      ]
    },
    {
      "mode": "managed",
      "type": "azurerm_storage_account",
      "name": "my_storage_account",
      "provider": "provider[\"registry.terraform.io/hashicorp/azurerm\"]",
      "instances": [
        {
          "schema_version": 2,
          "attributes": {
            "access_tier": "Hot",
            "account_kind": "StorageV2",
            "account_replication_type": "LRS",
            "account_tier": "Standard",
            "allow_blob_public_access": false,
            "azure_files_authentication": [],
            "blob_properties": [
              {
                "change_feed_enabled": false,
                "container_delete_retention_policy": [],
                "cors_rule": [],
                "default_service_version": "",
                "delete_retention_policy": [],
                "last_access_time_enabled": false,
                "versioning_enabled": false
              }
            ],
            "custom_domain": [],
            "customer_managed_key": [],
            "enable_https_traffic_only": true,
            "id": "/subscriptions/0b12bc4f-5cb1-43bb-8c74-099222bde2cd/resourceGroups/rg-assured-mammal/providers/Microsoft.Storage/storageAccounts/diagd834f2bb794474a8",
            "identity": [],
            "infrastructure_encryption_enabled": false,
            "is_hns_enabled": false,
            "large_file_share_enabled": null,
            "location": "eastus",
            "min_tls_version": "TLS1_0",
            "name": "diagd834f2bb794474a8",
            "network_rules": [
              {
                "bypass": [
                  "AzureServices"
                ],
                "default_action": "Allow",
                "ip_rules": [],
                "private_link_access": [],
                "virtual_network_subnet_ids": []
              }
            ],
            "nfsv3_enabled": false,
            "primary_access_key": "5PrVA+E/MNGGlURioxF+Ae8X75vyeVcEmBDVRtsLDWXQjrplRB+7KerF2pnx4Fk0bLEEHpXlR5HS+ASt5rKQ+Q==",
            "primary_blob_connection_string": "DefaultEndpointsProtocol=https;BlobEndpoint=https://diagd834f2bb794474a8.blob.core.windows.net/;AccountName=diagd834f2bb794474a8;AccountKey=5PrVA+E/MNGGlURioxF+Ae8X75vyeVcEmBDVRtsLDWXQjrplRB+7KerF2pnx4Fk0bLEEHpXlR5HS+ASt5rKQ+Q==",
            "primary_blob_endpoint": "https://diagd834f2bb794474a8.blob.core.windows.net/",
            "primary_blob_host": "diagd834f2bb794474a8.blob.core.windows.net",
            "primary_connection_string": "DefaultEndpointsProtocol=https;AccountName=diagd834f2bb794474a8;AccountKey=5PrVA+E/MNGGlURioxF+Ae8X75vyeVcEmBDVRtsLDWXQjrplRB+7KerF2pnx4Fk0bLEEHpXlR5HS+ASt5rKQ+Q==;EndpointSuffix=core.windows.net",
            "primary_dfs_endpoint": "https://diagd834f2bb794474a8.dfs.core.windows.net/",
            "primary_dfs_host": "diagd834f2bb794474a8.dfs.core.windows.net",
            "primary_file_endpoint": "https://diagd834f2bb794474a8.file.core.windows.net/",
            "primary_file_host": "diagd834f2bb794474a8.file.core.windows.net",
            "primary_location": "eastus",
            "primary_queue_endpoint": "https://diagd834f2bb794474a8.queue.core.windows.net/",
            "primary_queue_host": "diagd834f2bb794474a8.queue.core.windows.net",
            "primary_table_endpoint": "https://diagd834f2bb794474a8.table.core.windows.net/",
            "primary_table_host": "diagd834f2bb794474a8.table.core.windows.net",
            "primary_web_endpoint": "https://diagd834f2bb794474a8.z13.web.core.windows.net/",
            "primary_web_host": "diagd834f2bb794474a8.z13.web.core.windows.net",
            "queue_encryption_key_type": "Service",
            "queue_properties": [
              {
                "cors_rule": [],
                "hour_metrics": [
                  {
                    "enabled": true,
                    "include_apis": true,
                    "retention_policy_days": 7,
                    "version": "1.0"
                  }
                ],
                "logging": [
                  {
                    "delete": false,
                    "read": false,
                    "retention_policy_days": 0,
                    "version": "1.0",
                    "write": false
                  }
                ],
                "minute_metrics": [
                  {
                    "enabled": false,
                    "include_apis": false,
                    "retention_policy_days": 0,
                    "version": "1.0"
                  }
                ]
              }
            ],
            "resource_group_name": "rg-assured-mammal",
            "routing": [],
            "secondary_access_key": "4zgKNjeGk1+1HV9ExHb3+X99Vkcux1jU6DFehuCxFQee2/I921uLZ2EHPHwAls22tUROhsT//cZh+AStTYWHGQ==",
            "secondary_blob_connection_string": "",
            "secondary_blob_endpoint": null,
            "secondary_blob_host": null,
            "secondary_connection_string": "DefaultEndpointsProtocol=https;AccountName=diagd834f2bb794474a8;AccountKey=4zgKNjeGk1+1HV9ExHb3+X99Vkcux1jU6DFehuCxFQee2/I921uLZ2EHPHwAls22tUROhsT//cZh+AStTYWHGQ==;EndpointSuffix=core.windows.net",
            "secondary_dfs_endpoint": null,
            "secondary_dfs_host": null,
            "secondary_file_endpoint": null,
            "secondary_file_host": null,
            "secondary_location": "",
            "secondary_queue_endpoint": null,
            "secondary_queue_host": null,
            "secondary_table_endpoint": null,
            "secondary_table_host": null,
            "secondary_web_endpoint": null,
            "secondary_web_host": null,
            "share_properties": [
              {
                "cors_rule": [],
                "retention_policy": [
                  {
                    "days": 7
                  }
                ],
                "smb": []
              }
            ],
            "shared_access_key_enabled": true,
            "static_website": [],
            "table_encryption_key_type": "Service",
            "tags": {},
            "timeouts": null
          },
          "sensitive_attributes": [],
          "private": "eyJlMmJmYjczMC1lY2FhLTExZTYtOGY4OC0zNDM2M2JjN2M0YzAiOnsiY3JlYXRlIjozNjAwMDAwMDAwMDAwLCJkZWxldGUiOjM2MDAwMDAwMDAwMDAsInJlYWQiOjMwMDAwMDAwMDAwMCwidXBkYXRlIjozNjAwMDAwMDAwMDAwfSwic2NoZW1hX3ZlcnNpb24iOiIyIn0=",
          "dependencies": [
            "azurerm_resource_group.rg",
            "random_id.random_id",
            "random_pet.rg_name"
          ]
        }
      ]
    },
    {
      "mode": "managed",
      "type": "azurerm_subnet",
      "name": "my_terraform_subnet",
      "provider": "provider[\"registry.terraform.io/hashicorp/azurerm\"]",
      "instances": [
        {
          "schema_version": 0,
          "attributes": {
            "address_prefix": "10.0.1.0/24",
            "address_prefixes": [
              "10.0.1.0/24"
            ],
            "delegation": [],
            "enforce_private_link_endpoint_network_policies": false,
            "enforce_private_link_service_network_policies": false,
            "id": "/subscriptions/0b12bc4f-5cb1-43bb-8c74-099222bde2cd/resourceGroups/rg-assured-mammal/providers/Microsoft.Network/virtualNetworks/myVnet/subnets/mySubnet",
            "name": "mySubnet",
            "resource_group_name": "rg-assured-mammal",
            "service_endpoint_policy_ids": [],
            "service_endpoints": [],
            "timeouts": null,
            "virtual_network_name": "myVnet"
          },
          "sensitive_attributes": [],
          "private": "eyJlMmJmYjczMC1lY2FhLTExZTYtOGY4OC0zNDM2M2JjN2M0YzAiOnsiY3JlYXRlIjoxODAwMDAwMDAwMDAwLCJkZWxldGUiOjE4MDAwMDAwMDAwMDAsInJlYWQiOjMwMDAwMDAwMDAwMCwidXBkYXRlIjoxODAwMDAwMDAwMDAwfX0=",
          "dependencies": [
            "azurerm_resource_group.rg",
            "azurerm_virtual_network.my_terraform_network",
            "random_pet.rg_name"
          ]
        }
      ]
    },
    {
      "mode": "managed",
      "type": "azurerm_virtual_network",
      "name": "my_terraform_network",
      "provider": "provider[\"registry.terraform.io/hashicorp/azurerm\"]",
      "instances": [
        {
          "schema_version": 0,
          "attributes": {
            "address_space": [
              "10.0.0.0/16"
            ],
            "bgp_community": "",
            "ddos_protection_plan": [],
            "dns_servers": [],
            "flow_timeout_in_minutes": 0,
            "guid": "3de43cdc-eb46-4c0c-b2cb-d1a126bbb9ad",
            "id": "/subscriptions/0b12bc4f-5cb1-43bb-8c74-099222bde2cd/resourceGroups/rg-assured-mammal/providers/Microsoft.Network/virtualNetworks/myVnet",
            "location": "eastus",
            "name": "myVnet",
            "resource_group_name": "rg-assured-mammal",
            "subnet": [
              {
                "address_prefix": "10.0.1.0/24",
                "id": "/subscriptions/0b12bc4f-5cb1-43bb-8c74-099222bde2cd/resourceGroups/rg-assured-mammal/providers/Microsoft.Network/virtualNetworks/myVnet/subnets/mySubnet",
                "name": "mySubnet",
                "security_group": ""
              }
            ],
            "tags": {},
            "timeouts": null,
            "vm_protection_enabled": false
          },
          "sensitive_attributes": [],
          "private": "eyJlMmJmYjczMC1lY2FhLTExZTYtOGY4OC0zNDM2M2JjN2M0YzAiOnsiY3JlYXRlIjoxODAwMDAwMDAwMDAwLCJkZWxldGUiOjE4MDAwMDAwMDAwMDAsInJlYWQiOjMwMDAwMDAwMDAwMCwidXBkYXRlIjoxODAwMDAwMDAwMDAwfX0=",
          "dependencies": [
            "azurerm_resource_group.rg",
            "random_pet.rg_name"
          ]
        }
      ]
    },
    {
      "mode": "managed",
      "type": "random_id",
      "name": "random_id",
      "provider": "provider[\"registry.terraform.io/hashicorp/random\"]",
      "instances": [
        {
          "schema_version": 0,
          "attributes": {
            "b64_std": "2DTyu3lEdKg=",
            "b64_url": "2DTyu3lEdKg",
            "byte_length": 8,
            "dec": "15579343897988723880",
            "hex": "d834f2bb794474a8",
            "id": "2DTyu3lEdKg",
            "keepers": {
              "resource_group": "rg-assured-mammal"
            },
            "prefix": null
          },
          "sensitive_attributes": [],
          "dependencies": [
            "azurerm_resource_group.rg",
            "random_pet.rg_name"
          ]
        }
      ]
    },
    {
      "mode": "managed",
      "type": "random_pet",
      "name": "rg_name",
      "provider": "provider[\"registry.terraform.io/hashicorp/random\"]",
      "instances": [
        {
          "schema_version": 0,
          "attributes": {
            "id": "rg-assured-mammal",
            "keepers": null,
            "length": 2,
            "prefix": "rg",
            "separator": "-"
          },
          "sensitive_attributes": []
        }
      ]
    },
    {
      "mode": "managed",
      "type": "tls_private_key",
      "name": "example_ssh",
      "provider": "provider[\"registry.terraform.io/hashicorp/tls\"]",
      "instances": [
        {
          "schema_version": 1,
          "attributes": {
            "algorithm": "RSA",
            "ecdsa_curve": "P224",
            "id": "4f3ddaaff3232fd3803557d6340c5a2324c0949b",
            "private_key_openssh": "-----BEGIN OPENSSH PRIVATE KEY-----\nb3BlbnNzaC1rZXktdjEAAAAABG5vbmUAAAAEbm9uZQAAAAAAAAABAAACFwAAAAdz\nc2gtcnNhAAAAAwEAAQAAAgEAs4rNDVwI9hRIaBUkWui7X8L5PeGsxmM8WiuSozaY\n+gQ7+jjaXNRinX6wY/NHSAMwbb5WG6D2e0jxJjJig+hGf2oi0ZKwwC68lXG2K+Jk\n8jbXLDSj6uFnr9tEd39/AMpbV6oZq3NWuc2jrJh9uTXBsxM5DVLBF0g64J1NH2p6\nHb+1njl18Qkpx4wMdhXuW9TrcGCeIAyb7h67GoCkGYgpib9A5pVfmxFD9YHhibgb\ngkAP+zUNpKxlhtz1XT0cO+uAsk6/6+emoscOLp4JmdA/8MQgpDF8ILe3NIZlUeF2\n3sijjiwc3GCRsVxrJ3D0v/nD8HWzQ5VIoERLHZ0X1swCZZM1dGEYArRY83xugG8/\nu4ACRNyohdivpqqoVIrRXl3HJNzEZ1YRhvc1fwgqGl9Rkt37GBEJWoE79sr904fk\nU0BKN7OH+I4l6NeK9krR7UvdCa48LMbeKD4YuXSuuCXt7QDSM++dLnDxbAoLkZOA\n7c3VWHcKnGgFkLXvAUpMea0ccMQkXXut8+zf49zCV82X4zNXVXEAWGvIYtySNCB3\nkiYMm6lzNbicucQFYiBMmR0rGn+8cRMo9HLYxlP3Ef6NQOJ6rYr53Pu6Mvs7aDoM\nO1alXh4gUmnS9uNH0CuUOkpFOpcES/N+3iyYVkke4ITnvBvRr0BPJQuKUAL/1bGb\nrJkAAAc4ELhxYhC4cWIAAAAHc3NoLXJzYQAAAgEAs4rNDVwI9hRIaBUkWui7X8L5\nPeGsxmM8WiuSozaY+gQ7+jjaXNRinX6wY/NHSAMwbb5WG6D2e0jxJjJig+hGf2oi\n0ZKwwC68lXG2K+Jk8jbXLDSj6uFnr9tEd39/AMpbV6oZq3NWuc2jrJh9uTXBsxM5\nDVLBF0g64J1NH2p6Hb+1njl18Qkpx4wMdhXuW9TrcGCeIAyb7h67GoCkGYgpib9A\n5pVfmxFD9YHhibgbgkAP+zUNpKxlhtz1XT0cO+uAsk6/6+emoscOLp4JmdA/8MQg\npDF8ILe3NIZlUeF23sijjiwc3GCRsVxrJ3D0v/nD8HWzQ5VIoERLHZ0X1swCZZM1\ndGEYArRY83xugG8/u4ACRNyohdivpqqoVIrRXl3HJNzEZ1YRhvc1fwgqGl9Rkt37\nGBEJWoE79sr904fkU0BKN7OH+I4l6NeK9krR7UvdCa48LMbeKD4YuXSuuCXt7QDS\nM++dLnDxbAoLkZOA7c3VWHcKnGgFkLXvAUpMea0ccMQkXXut8+zf49zCV82X4zNX\nVXEAWGvIYtySNCB3kiYMm6lzNbicucQFYiBMmR0rGn+8cRMo9HLYxlP3Ef6NQOJ6\nrYr53Pu6Mvs7aDoMO1alXh4gUmnS9uNH0CuUOkpFOpcES/N+3iyYVkke4ITnvBvR\nr0BPJQuKUAL/1bGbrJkAAAADAQABAAACAGYeoJrkqkQtLTHmNJNwpILHRzSnU7pT\nX1R6TCGBQGmUVvjvtWPveVfTY0i2aujOx5DkHd4BI7DjwCXVqqsURmTaXYuOP/JP\novvtfYxgbMJH5wNBvaovIuandL3zSq2Ma3/lREx8geuUx2+4HGpn5RCR8nVdiG5R\nqwtu7RrdWS/qhsbEMA01BQp24e+YccbRyEhW7BmWkmpSGGHuoWfURqwOmD+O3p44\np8rQYRQQH7Vp8q0Tc/siA2096GFsDM8YGE9S816el+0mAy8IvLU7+eJb66T4cH27\ngPzjJGX6M75rqHuJI7FFTBjxVBFO8ibvTT9L8vaRxolBzue9Hn4R85oWx6RZKvGC\nTklRYaXGS539kXCS1DKJWdyLn3V5yqmhePEPSjXw6UkZMKKtOIJte0rPXPEmNMDi\nA9qO8n2auNKSJwSQXOkPC0ytAxym1Em5kmnYtZOTBkcEVydUb0rRmhN4VITurndx\nv3pUNbzBjJ5OVlXAr/vMVyA89jfkp79gcJYIEQO05xvw78fxidgop8nRQwFl0VQa\nB9OjJGujOv6x5OhZDMtUc5H1/6vPKvwGSOIR1l0wlnzjHR0TzcVP4dPq+MJuefZV\nQCXFRwGHf/DpTXxDh9XXzdYlzXH4Q9rU+TvJ+xRE3GwFVQPbRyWz5Bw4MqVvfBsd\nJ44NGnpuCnDxAAABAQCsBffP8eR8arrL8d2B31gKS9viYFGDYr6B9gl8J8XWxSbz\nMpFkw8W00pEfHfzOhQRqdih6ls/VvxsAiMp4l7K7A2jFTVwvAi7N1aQ1krscq+SM\nOHiJQyb1b0iE2bTG6Q8c6mXrCTpkkAL3PRZdNaNAKkRBKsEjIHwQbGzRTbUOKcJV\nwou+SZKJ8v8LeRZEVNzKVc6A1s/RmkAI9nUQESZK9eUrZIG1hxZF2yCAmJMM+U7H\nP2OuTGX3avbm0FSm0B4yaH6U660IJ16//ljSZpfSx/eNE/Ew1v67zjx1bN02Zc5f\nJEfZl8iKq6esCWAc7JGrRd4D8aEmpfLqa2YUBeh8AAABAQDUSA4R2ANn+0vR+KMN\nZ1Q3nHfU8wxnSX/dHmYhTKiVo+q76EDpPrh3LX7JUbfR3D6HB1ByqPUfbZGtpos6\n8DsvwDuuKO+8WaywAapcwkb7w3OFuNC47yUjGs9qw8mwwckGIiMYTn9CZceVC/l5\n00wQT6dD7YqoXbM9NzCEM83UG4k1FSwb3Mt1XNcoqc4qcxJaJ1ag9TYuR55veCsq\nh3h31TVIlHDuTaTHQRnFbVd5rn6gka2h5Bzn2oegV3T6BRWgoFvrAiuFUhc8psuj\nvufZ9jbOHQQnI0AqhsoKZmsLsNYK798ciO1OLZinE+Z6RfNWAxfTw0HAnULTY2vf\nARXzAAABAQDYhKjdm7swkRw6AJIHwler2IELTWDYk5M/S5CsYZs+fc7ojMdTzYvB\ns7Gxn6kHY6LjRkxkA/2bIfUDwirX92GxerEq29MINwQHj9K+OmPuRo9oDpRWf6i8\nczd0RDdw/aAMUvVuQ2gdDdNoHTp8H78PDRFFiNVyt68uxwBAQuTECylf0PIYkOXu\nrpWw7Ke6YmpuINc4vkjsaOlFhBScVnFxiUZcjKfv+pfDzwLjr0xJ3vOmTLJO0qLJ\nwAW4k323l5vhwWSq1+BjUy6wgplbF6xDlWAPZqhzEIjnJ6gAx0R03IaWvwfUgtUV\ndhP4uE97cSH+3x4gP+LKH+7MfivYVtpDAAAAAAEC\n-----END OPENSSH PRIVATE KEY-----\n",
            "private_key_pem": "-----BEGIN RSA PRIVATE KEY-----\nMIIJKQIBAAKCAgEAs4rNDVwI9hRIaBUkWui7X8L5PeGsxmM8WiuSozaY+gQ7+jja\nXNRinX6wY/NHSAMwbb5WG6D2e0jxJjJig+hGf2oi0ZKwwC68lXG2K+Jk8jbXLDSj\n6uFnr9tEd39/AMpbV6oZq3NWuc2jrJh9uTXBsxM5DVLBF0g64J1NH2p6Hb+1njl1\n8Qkpx4wMdhXuW9TrcGCeIAyb7h67GoCkGYgpib9A5pVfmxFD9YHhibgbgkAP+zUN\npKxlhtz1XT0cO+uAsk6/6+emoscOLp4JmdA/8MQgpDF8ILe3NIZlUeF23sijjiwc\n3GCRsVxrJ3D0v/nD8HWzQ5VIoERLHZ0X1swCZZM1dGEYArRY83xugG8/u4ACRNyo\nhdivpqqoVIrRXl3HJNzEZ1YRhvc1fwgqGl9Rkt37GBEJWoE79sr904fkU0BKN7OH\n+I4l6NeK9krR7UvdCa48LMbeKD4YuXSuuCXt7QDSM++dLnDxbAoLkZOA7c3VWHcK\nnGgFkLXvAUpMea0ccMQkXXut8+zf49zCV82X4zNXVXEAWGvIYtySNCB3kiYMm6lz\nNbicucQFYiBMmR0rGn+8cRMo9HLYxlP3Ef6NQOJ6rYr53Pu6Mvs7aDoMO1alXh4g\nUmnS9uNH0CuUOkpFOpcES/N+3iyYVkke4ITnvBvRr0BPJQuKUAL/1bGbrJkCAwEA\nAQKCAgBmHqCa5KpELS0x5jSTcKSCx0c0p1O6U19UekwhgUBplFb477Vj73lX02NI\ntmrozseQ5B3eASOw48Al1aqrFEZk2l2Ljj/yT6L77X2MYGzCR+cDQb2qLyLmp3S9\n80qtjGt/5URMfIHrlMdvuBxqZ+UQkfJ1XYhuUasLbu0a3Vkv6obGxDANNQUKduHv\nmHHG0chIVuwZlpJqUhhh7qFn1EasDpg/jt6eOKfK0GEUEB+1afKtE3P7IgNtPehh\nbAzPGBhPUvNenpftJgMvCLy1O/niW+uk+HB9u4D84yRl+jO+a6h7iSOxRUwY8VQR\nTvIm700/S/L2kcaJQc7nvR5+EfOaFsekWSrxgk5JUWGlxkud/ZFwktQyiVnci591\necqpoXjxD0o18OlJGTCirTiCbXtKz1zxJjTA4gPajvJ9mrjSkicEkFzpDwtMrQMc\nptRJuZJp2LWTkwZHBFcnVG9K0ZoTeFSE7q53cb96VDW8wYyeTlZVwK/7zFcgPPY3\n5Ke/YHCWCBEDtOcb8O/H8YnYKKfJ0UMBZdFUGgfToyRrozr+seToWQzLVHOR9f+r\nzyr8BkjiEdZdMJZ84x0dE83FT+HT6vjCbnn2VUAlxUcBh3/w6U18Q4fV183WJc1x\n+EPa1Pk7yfsURNxsBVUD20cls+QcODKlb3wbHSeODRp6bgpw8QKCAQEA1EgOEdgD\nZ/tL0fijDWdUN5x31PMMZ0l/3R5mIUyolaPqu+hA6T64dy1+yVG30dw+hwdQcqj1\nH22RraaLOvA7L8A7rijvvFmssAGqXMJG+8NzhbjQuO8lIxrPasPJsMHJBiIjGE5/\nQmXHlQv5edNMEE+nQ+2KqF2zPTcwhDPN1BuJNRUsG9zLdVzXKKnOKnMSWidWoPU2\nLkeeb3grKod4d9U1SJRw7k2kx0EZxW1Xea5+oJGtoeQc59qHoFd0+gUVoKBb6wIr\nhVIXPKbLo77n2fY2zh0EJyNAKobKCmZrC7DWCu/fHIjtTi2YpxPmekXzVgMX08NB\nwJ1C02Nr3wEV8wKCAQEA2ISo3Zu7MJEcOgCSB8JXq9iBC01g2JOTP0uQrGGbPn3O\n6IzHU82LwbOxsZ+pB2Oi40ZMZAP9myH1A8Iq1/dhsXqxKtvTCDcEB4/Svjpj7kaP\naA6UVn+ovHM3dEQ3cP2gDFL1bkNoHQ3TaB06fB+/Dw0RRYjVcrevLscAQELkxAsp\nX9DyGJDl7q6VsOynumJqbiDXOL5I7GjpRYQUnFZxcYlGXIyn7/qXw88C469MSd7z\npkyyTtKiycAFuJN9t5eb4cFkqtfgY1MusIKZWxesQ5VgD2aocxCI5yeoAMdEdNyG\nlr8H1ILVFXYT+LhPe3Eh/t8eID/iyh/uzH4r2FbaQwKCAQATS51jx9O/btsccdI4\nVK0WBPXreFAnT0n9CldULYihWW3ruJe128qeopcEq5Xe0HsqgOKyGWN2gNoeA6Zi\nLBXlKD8EfJoV77y/ntciaVJUbhahEASA2tPwVe6GkNdTZrnkAdRY0EHHAkNa6+S4\nSxl93g+hIAVbenDhXpPdYGwUHJCjL5J70dz4hQDVpGGmACGp6it4o/FR0Za4IR8j\nVX8AvXODbmK5dntE1UkHZgHugIroA3XZ4kcyV+2+CFUMqMundwwD14WnL6gHDk4y\nSxb9++BNadvHxu99LhVNTrPqMx+xjM4l5NhVI9XdUfTAJn2Q0uUmjXf7jw/U8ROM\nCKg7AoIBAQCyxP2kU/O/iuCSZ2wrKeQ3SABsM4xV5as7JIokOkby1u9ihPIDGIBf\nA54guWHXbwXLv3xNTBo131isrMGxJVktL89eQrhAXSRflfl8BTwDPZEkan1B2g+Y\n4UyVG8nm6hIeetSYIOGys3qsyQ1D9PZMWA69qdgK6uyio75qUJEP6ONVcHCjpeej\nJdUEirGGK8ISgd0RxdLyF0Ebm41k896gzqYgviXe97oc+yw4j8FecM4drc+/Ux0D\nlR9kIas4Td5wDLywbqOffsvbA0nZs3cRKiFxNeK5dpqCuPR3CBBWqMobZ0jwxsFn\nAeJFhvBhTKy0Asad/AGlv63se/R5oGR/AoIBAQCsBffP8eR8arrL8d2B31gKS9vi\nYFGDYr6B9gl8J8XWxSbzMpFkw8W00pEfHfzOhQRqdih6ls/VvxsAiMp4l7K7A2jF\nTVwvAi7N1aQ1krscq+SMOHiJQyb1b0iE2bTG6Q8c6mXrCTpkkAL3PRZdNaNAKkRB\nKsEjIHwQbGzRTbUOKcJVwou+SZKJ8v8LeRZEVNzKVc6A1s/RmkAI9nUQESZK9eUr\nZIG1hxZF2yCAmJMM+U7HP2OuTGX3avbm0FSm0B4yaH6U660IJ16//ljSZpfSx/eN\nE/Ew1v67zjx1bN02Zc5fJEfZl8iKq6esCWAc7JGrRd4D8aEmpfLqa2YUBeh8\n-----END RSA PRIVATE KEY-----\n",
            "private_key_pem_pkcs8": "-----BEGIN PRIVATE KEY-----\nMIIJQwIBADANBgkqhkiG9w0BAQEFAASCCS0wggkpAgEAAoICAQCzis0NXAj2FEho\nFSRa6Ltfwvk94azGYzxaK5KjNpj6BDv6ONpc1GKdfrBj80dIAzBtvlYboPZ7SPEm\nMmKD6EZ/aiLRkrDALryVcbYr4mTyNtcsNKPq4Wev20R3f38AyltXqhmrc1a5zaOs\nmH25NcGzEzkNUsEXSDrgnU0fanodv7WeOXXxCSnHjAx2Fe5b1OtwYJ4gDJvuHrsa\ngKQZiCmJv0DmlV+bEUP1geGJuBuCQA/7NQ2krGWG3PVdPRw764CyTr/r56aixw4u\nngmZ0D/wxCCkMXwgt7c0hmVR4XbeyKOOLBzcYJGxXGsncPS/+cPwdbNDlUigREsd\nnRfWzAJlkzV0YRgCtFjzfG6Abz+7gAJE3KiF2K+mqqhUitFeXcck3MRnVhGG9zV/\nCCoaX1GS3fsYEQlagTv2yv3Th+RTQEo3s4f4jiXo14r2StHtS90Jrjwsxt4oPhi5\ndK64Je3tANIz750ucPFsCguRk4DtzdVYdwqcaAWQte8BSkx5rRxwxCRde63z7N/j\n3MJXzZfjM1dVcQBYa8hi3JI0IHeSJgybqXM1uJy5xAViIEyZHSsaf7xxEyj0ctjG\nU/cR/o1A4nqtivnc+7oy+ztoOgw7VqVeHiBSadL240fQK5Q6SkU6lwRL837eLJhW\nSR7ghOe8G9GvQE8lC4pQAv/VsZusmQIDAQABAoICAGYeoJrkqkQtLTHmNJNwpILH\nRzSnU7pTX1R6TCGBQGmUVvjvtWPveVfTY0i2aujOx5DkHd4BI7DjwCXVqqsURmTa\nXYuOP/JPovvtfYxgbMJH5wNBvaovIuandL3zSq2Ma3/lREx8geuUx2+4HGpn5RCR\n8nVdiG5Rqwtu7RrdWS/qhsbEMA01BQp24e+YccbRyEhW7BmWkmpSGGHuoWfURqwO\nmD+O3p44p8rQYRQQH7Vp8q0Tc/siA2096GFsDM8YGE9S816el+0mAy8IvLU7+eJb\n66T4cH27gPzjJGX6M75rqHuJI7FFTBjxVBFO8ibvTT9L8vaRxolBzue9Hn4R85oW\nx6RZKvGCTklRYaXGS539kXCS1DKJWdyLn3V5yqmhePEPSjXw6UkZMKKtOIJte0rP\nXPEmNMDiA9qO8n2auNKSJwSQXOkPC0ytAxym1Em5kmnYtZOTBkcEVydUb0rRmhN4\nVITurndxv3pUNbzBjJ5OVlXAr/vMVyA89jfkp79gcJYIEQO05xvw78fxidgop8nR\nQwFl0VQaB9OjJGujOv6x5OhZDMtUc5H1/6vPKvwGSOIR1l0wlnzjHR0TzcVP4dPq\n+MJuefZVQCXFRwGHf/DpTXxDh9XXzdYlzXH4Q9rU+TvJ+xRE3GwFVQPbRyWz5Bw4\nMqVvfBsdJ44NGnpuCnDxAoIBAQDUSA4R2ANn+0vR+KMNZ1Q3nHfU8wxnSX/dHmYh\nTKiVo+q76EDpPrh3LX7JUbfR3D6HB1ByqPUfbZGtpos68DsvwDuuKO+8WaywAapc\nwkb7w3OFuNC47yUjGs9qw8mwwckGIiMYTn9CZceVC/l500wQT6dD7YqoXbM9NzCE\nM83UG4k1FSwb3Mt1XNcoqc4qcxJaJ1ag9TYuR55veCsqh3h31TVIlHDuTaTHQRnF\nbVd5rn6gka2h5Bzn2oegV3T6BRWgoFvrAiuFUhc8psujvufZ9jbOHQQnI0AqhsoK\nZmsLsNYK798ciO1OLZinE+Z6RfNWAxfTw0HAnULTY2vfARXzAoIBAQDYhKjdm7sw\nkRw6AJIHwler2IELTWDYk5M/S5CsYZs+fc7ojMdTzYvBs7Gxn6kHY6LjRkxkA/2b\nIfUDwirX92GxerEq29MINwQHj9K+OmPuRo9oDpRWf6i8czd0RDdw/aAMUvVuQ2gd\nDdNoHTp8H78PDRFFiNVyt68uxwBAQuTECylf0PIYkOXurpWw7Ke6YmpuINc4vkjs\naOlFhBScVnFxiUZcjKfv+pfDzwLjr0xJ3vOmTLJO0qLJwAW4k323l5vhwWSq1+Bj\nUy6wgplbF6xDlWAPZqhzEIjnJ6gAx0R03IaWvwfUgtUVdhP4uE97cSH+3x4gP+LK\nH+7MfivYVtpDAoIBABNLnWPH079u2xxx0jhUrRYE9et4UCdPSf0KV1QtiKFZbeu4\nl7Xbyp6ilwSrld7QeyqA4rIZY3aA2h4DpmIsFeUoPwR8mhXvvL+e1yJpUlRuFqEQ\nBIDa0/BV7oaQ11NmueQB1FjQQccCQ1rr5LhLGX3eD6EgBVt6cOFek91gbBQckKMv\nknvR3PiFANWkYaYAIanqK3ij8VHRlrghHyNVfwC9c4NuYrl2e0TVSQdmAe6AiugD\nddniRzJX7b4IVQyoy6d3DAPXhacvqAcOTjJLFv374E1p28fG730uFU1Os+ozH7GM\nziXk2FUj1d1R9MAmfZDS5SaNd/uPD9TxE4wIqDsCggEBALLE/aRT87+K4JJnbCsp\n5DdIAGwzjFXlqzskiiQ6RvLW72KE8gMYgF8DniC5YddvBcu/fE1MGjXfWKyswbEl\nWS0vz15CuEBdJF+V+XwFPAM9kSRqfUHaD5jhTJUbyebqEh561Jgg4bKzeqzJDUP0\n9kxYDr2p2Arq7KKjvmpQkQ/o41VwcKOl56Ml1QSKsYYrwhKB3RHF0vIXQRubjWTz\n3qDOpiC+Jd73uhz7LDiPwV5wzh2tz79THQOVH2QhqzhN3nAMvLBuo59+y9sDSdmz\ndxEqIXE14rl2moK49HcIEFaoyhtnSPDGwWcB4kWG8GFMrLQCxp38AaW/rex79Hmg\nZH8CggEBAKwF98/x5Hxqusvx3YHfWApL2+JgUYNivoH2CXwnxdbFJvMykWTDxbTS\nkR8d/M6FBGp2KHqWz9W/GwCIyniXsrsDaMVNXC8CLs3VpDWSuxyr5Iw4eIlDJvVv\nSITZtMbpDxzqZesJOmSQAvc9Fl01o0AqREEqwSMgfBBsbNFNtQ4pwlXCi75Jkony\n/wt5FkRU3MpVzoDWz9GaQAj2dRARJkr15StkgbWHFkXbIICYkwz5Tsc/Y65MZfdq\n9ubQVKbQHjJofpTrrQgnXr/+WNJml9LH940T8TDW/rvOPHVs3TZlzl8kR9mXyIqr\np6wJYBzskatF3gPxoSal8uprZhQF6Hw=\n-----END PRIVATE KEY-----\n",
            "public_key_fingerprint_md5": "7a:a7:d6:70:1c:83:40:aa:15:f0:4e:99:4f:f3:0c:b1",
            "public_key_fingerprint_sha256": "SHA256:DmgzLKeNWgJp56q9FkgG1Za76LeWNOsWF895mTtj2lY",
            "public_key_openssh": "ssh-rsa AAAAB3NzaC1yc2EAAAADAQABAAACAQCzis0NXAj2FEhoFSRa6Ltfwvk94azGYzxaK5KjNpj6BDv6ONpc1GKdfrBj80dIAzBtvlYboPZ7SPEmMmKD6EZ/aiLRkrDALryVcbYr4mTyNtcsNKPq4Wev20R3f38AyltXqhmrc1a5zaOsmH25NcGzEzkNUsEXSDrgnU0fanodv7WeOXXxCSnHjAx2Fe5b1OtwYJ4gDJvuHrsagKQZiCmJv0DmlV+bEUP1geGJuBuCQA/7NQ2krGWG3PVdPRw764CyTr/r56aixw4ungmZ0D/wxCCkMXwgt7c0hmVR4XbeyKOOLBzcYJGxXGsncPS/+cPwdbNDlUigREsdnRfWzAJlkzV0YRgCtFjzfG6Abz+7gAJE3KiF2K+mqqhUitFeXcck3MRnVhGG9zV/CCoaX1GS3fsYEQlagTv2yv3Th+RTQEo3s4f4jiXo14r2StHtS90Jrjwsxt4oPhi5dK64Je3tANIz750ucPFsCguRk4DtzdVYdwqcaAWQte8BSkx5rRxwxCRde63z7N/j3MJXzZfjM1dVcQBYa8hi3JI0IHeSJgybqXM1uJy5xAViIEyZHSsaf7xxEyj0ctjGU/cR/o1A4nqtivnc+7oy+ztoOgw7VqVeHiBSadL240fQK5Q6SkU6lwRL837eLJhWSR7ghOe8G9GvQE8lC4pQAv/VsZusmQ==\n",
            "public_key_pem": "-----BEGIN PUBLIC KEY-----\nMIICIjANBgkqhkiG9w0BAQEFAAOCAg8AMIICCgKCAgEAs4rNDVwI9hRIaBUkWui7\nX8L5PeGsxmM8WiuSozaY+gQ7+jjaXNRinX6wY/NHSAMwbb5WG6D2e0jxJjJig+hG\nf2oi0ZKwwC68lXG2K+Jk8jbXLDSj6uFnr9tEd39/AMpbV6oZq3NWuc2jrJh9uTXB\nsxM5DVLBF0g64J1NH2p6Hb+1njl18Qkpx4wMdhXuW9TrcGCeIAyb7h67GoCkGYgp\nib9A5pVfmxFD9YHhibgbgkAP+zUNpKxlhtz1XT0cO+uAsk6/6+emoscOLp4JmdA/\n8MQgpDF8ILe3NIZlUeF23sijjiwc3GCRsVxrJ3D0v/nD8HWzQ5VIoERLHZ0X1swC\nZZM1dGEYArRY83xugG8/u4ACRNyohdivpqqoVIrRXl3HJNzEZ1YRhvc1fwgqGl9R\nkt37GBEJWoE79sr904fkU0BKN7OH+I4l6NeK9krR7UvdCa48LMbeKD4YuXSuuCXt\n7QDSM++dLnDxbAoLkZOA7c3VWHcKnGgFkLXvAUpMea0ccMQkXXut8+zf49zCV82X\n4zNXVXEAWGvIYtySNCB3kiYMm6lzNbicucQFYiBMmR0rGn+8cRMo9HLYxlP3Ef6N\nQOJ6rYr53Pu6Mvs7aDoMO1alXh4gUmnS9uNH0CuUOkpFOpcES/N+3iyYVkke4ITn\nvBvRr0BPJQuKUAL/1bGbrJkCAwEAAQ==\n-----END PUBLIC KEY-----\n",
            "rsa_bits": 4096
          },
          "sensitive_attributes": []
        }
      ]
    }
  ],
  "check_results": null
}
